<?xml version="1.0" encoding="utf-8"?>
<Project ToolsVersion="4.0" xmlns="http://schemas.microsoft.com/developer/msbuild/2003">
  <ItemGroup>
    <Filter Include="99.Defines">
      <UniqueIdentifier>{b31b2f34-8531-4896-9a12-b480da37b3af}</UniqueIdentifier>
    </Filter>
    <Filter Include="00.System">
      <UniqueIdentifier>{8c8976a5-931c-4b39-b355-0f3f4035e214}</UniqueIdentifier>
    </Filter>
    <Filter Include="01.Utility">
      <UniqueIdentifier>{4651e0a5-4c0b-4b6a-9067-08647d46b719}</UniqueIdentifier>
    </Filter>
    <Filter Include="00.System\00.Timers">
      <UniqueIdentifier>{0a7f5a32-2364-4f71-b0b5-7b6386429329}</UniqueIdentifier>
    </Filter>
    <Filter Include="00.System\01.Device">
      <UniqueIdentifier>{1f28d277-d6a4-4e00-bb6e-0c2a374abe79}</UniqueIdentifier>
    </Filter>
    <Filter Include="00.System\01.Device\Graphic">
      <UniqueIdentifier>{bc749ffc-3f06-4b9c-b1e8-0feacc5bf49b}</UniqueIdentifier>
    </Filter>
    <Filter Include="00.System\00.Timers\Manager">
      <UniqueIdentifier>{c819f794-6f2b-404f-85ca-411546f7389c}</UniqueIdentifier>
    </Filter>
    <Filter Include="01.Utility\00.GameInstance">
      <UniqueIdentifier>{85a84f22-6b77-47f1-9c1a-6f5afa0110eb}</UniqueIdentifier>
    </Filter>
    <Filter Include="01.Utility\01.Levels">
      <UniqueIdentifier>{998510a9-32f4-4f27-b89c-46daa108a65c}</UniqueIdentifier>
    </Filter>
    <Filter Include="01.Utility\01.Levels\Manager">
      <UniqueIdentifier>{9e6440ac-7e6b-4882-9324-f1e84ddfea1e}</UniqueIdentifier>
    </Filter>
    <Filter Include="01.Utility\99.Base">
      <UniqueIdentifier>{cbbcc7eb-3f2c-4334-81aa-fd9e03c82529}</UniqueIdentifier>
    </Filter>
    <Filter Include="01.Utility\98.Renderer">
      <UniqueIdentifier>{146b4657-e65a-4c97-b906-c1c3ba9c69ec}</UniqueIdentifier>
    </Filter>
    <Filter Include="01.Utility\02.GameObject">
      <UniqueIdentifier>{6b7c305f-6686-4c05-907c-c03009d19447}</UniqueIdentifier>
    </Filter>
    <Filter Include="01.Utility\03.Component">
      <UniqueIdentifier>{fe3f4ec1-d99a-4450-b63f-c08282729875}</UniqueIdentifier>
    </Filter>
    <Filter Include="01.Utility\02.GameObject\Manager">
      <UniqueIdentifier>{cc4fce57-2085-49b3-8f8a-dd431746f9cd}</UniqueIdentifier>
    </Filter>
    <Filter Include="01.Utility\02.GameObject\Manager\Layer">
      <UniqueIdentifier>{be18ebfd-3363-4685-83f6-c948aa2290ea}</UniqueIdentifier>
    </Filter>
    <Filter Include="01.Utility\04.Prototypes">
      <UniqueIdentifier>{ed302dd2-ef7d-4d86-a247-b9658d5f090c}</UniqueIdentifier>
    </Filter>
    <Filter Include="01.Utility\02.GameObject\UIObject">
      <UniqueIdentifier>{5c88d794-9383-4a8a-8347-680051d0a38c}</UniqueIdentifier>
    </Filter>
    <Filter Include="01.Utility\03.Component\Transform">
      <UniqueIdentifier>{8bf04c38-7325-4a7a-8f27-7272b9148467}</UniqueIdentifier>
    </Filter>
    <Filter Include="01.Utility\03.Component\VIBuffer">
      <UniqueIdentifier>{80bfd4f0-7a0f-41fd-aaab-4c88527e942d}</UniqueIdentifier>
    </Filter>
    <Filter Include="01.Utility\03.Component\VIBuffer\Rect">
      <UniqueIdentifier>{53ce68de-377e-448c-b69e-23c3d305e190}</UniqueIdentifier>
    </Filter>
    <Filter Include="01.Utility\03.Component\Shader">
      <UniqueIdentifier>{e739e434-8c33-41c4-a3ef-ee49c6ed7cf2}</UniqueIdentifier>
    </Filter>
    <Filter Include="01.Utility\03.Component\Texture">
      <UniqueIdentifier>{995a26bc-37f2-48c0-83b5-26c88d700257}</UniqueIdentifier>
    </Filter>
    <Filter Include="01.Utility\03.Component\VIBuffer\Terrain">
      <UniqueIdentifier>{ff9f9aec-8d03-4a2e-a9b9-329d1f949803}</UniqueIdentifier>
    </Filter>
    <Filter Include="01.Utility\02.GameObject\Camera">
      <UniqueIdentifier>{f441d5eb-a35d-4708-882f-925ab3f6f357}</UniqueIdentifier>
    </Filter>
    <Filter Include="01.Utility\97.PipeLine">
      <UniqueIdentifier>{4cf9c5db-79f9-47e4-9ecf-e219d212c7e7}</UniqueIdentifier>
    </Filter>
    <Filter Include="00.System\01.Device\Input">
      <UniqueIdentifier>{674d7b85-6471-4d85-9ac5-c6d76e07dbf7}</UniqueIdentifier>
    </Filter>
    <Filter Include="01.Utility\96.Lights">
      <UniqueIdentifier>{7d7a2bfc-7177-4d85-b499-afaeec620faf}</UniqueIdentifier>
    </Filter>
    <Filter Include="01.Utility\96.Lights\Manager">
      <UniqueIdentifier>{80a8b658-13f2-46de-bd62-fd192d906c55}</UniqueIdentifier>
    </Filter>
    <Filter Include="01.Utility\03.Component\Model">
      <UniqueIdentifier>{6beba74c-f06e-4557-996f-a7705d9f040a}</UniqueIdentifier>
    </Filter>
    <Filter Include="01.Utility\03.Component\Model\Mesh">
      <UniqueIdentifier>{25affb1b-4b82-42c2-84df-4c00336ae53f}</UniqueIdentifier>
    </Filter>
    <Filter Include="01.Utility\03.Component\Model\Material">
      <UniqueIdentifier>{29efdc14-83ca-4c01-af38-0b9b835c1c52}</UniqueIdentifier>
    </Filter>
    <Filter Include="01.Utility\03.Component\Model\Bone">
      <UniqueIdentifier>{a156252f-e8c4-4721-9f10-2ffe5ea489d6}</UniqueIdentifier>
    </Filter>
    <Filter Include="01.Utility\03.Component\Model\Animation">
      <UniqueIdentifier>{5be70074-3b1c-48c6-96a5-cb68369a2018}</UniqueIdentifier>
    </Filter>
    <Filter Include="01.Utility\03.Component\Model\Animation\Channel">
      <UniqueIdentifier>{5d7e98bd-2b76-4670-b3db-a55cb0568fa5}</UniqueIdentifier>
    </Filter>
    <Filter Include="01.Utility\02.GameObject\ContainerObject">
      <UniqueIdentifier>{3a67b026-3dc2-4375-af4e-fcd8c34e3dc8}</UniqueIdentifier>
    </Filter>
    <Filter Include="01.Utility\02.GameObject\ContainerObject\PartObject">
      <UniqueIdentifier>{55d16d0e-f8e5-4705-8b2f-38955f1c3493}</UniqueIdentifier>
    </Filter>
    <Filter Include="01.Utility\03.Component\VIBuffer\Cube">
      <UniqueIdentifier>{d0c23772-aa8b-40ec-a454-5509ae6fac88}</UniqueIdentifier>
    </Filter>
    <Filter Include="95.ShaderFiles">
      <UniqueIdentifier>{35074c6b-d9ed-4e46-8724-2cdacfde0e49}</UniqueIdentifier>
    </Filter>
    <Filter Include="01.Utility\05.Fonts">
      <UniqueIdentifier>{a1cc7903-ec57-4c07-9854-8412f369da9c}</UniqueIdentifier>
    </Filter>
    <Filter Include="01.Utility\05.Fonts\Manager">
      <UniqueIdentifier>{2ed0a8d0-e5b6-43b6-b9c9-7356194d7335}</UniqueIdentifier>
    </Filter>
    <Filter Include="01.Utility\03.Component\Navigation">
      <UniqueIdentifier>{6bcda255-9ea4-4be8-bc79-80c6a5cafbd4}</UniqueIdentifier>
    </Filter>
    <Filter Include="01.Utility\03.Component\Navigation\Cell">
      <UniqueIdentifier>{62173481-df61-4ace-b3cd-525737a5ddf3}</UniqueIdentifier>
    </Filter>
    <Filter Include="01.Utility\03.Component\VIBuffer\Cell">
      <UniqueIdentifier>{8ef8f590-b7ee-4d99-95c2-3336d58703dd}</UniqueIdentifier>
    </Filter>
    <Filter Include="01.Utility\03.Component\VIBuffer\Instance">
      <UniqueIdentifier>{d7b35455-bde5-4111-b8af-bd98d7e953d0}</UniqueIdentifier>
    </Filter>
    <Filter Include="01.Utility\03.Component\VIBuffer\Instance\Point">
      <UniqueIdentifier>{b4496c2f-a764-41a5-bf48-9f374acb7cef}</UniqueIdentifier>
    </Filter>
    <Filter Include="01.Utility\06.RenderTargets">
      <UniqueIdentifier>{45dc2bd6-01fe-43ee-a1cb-971603430a34}</UniqueIdentifier>
    </Filter>
    <Filter Include="01.Utility\06.RenderTargets\Manager">
      <UniqueIdentifier>{f0a2bf74-f287-45c4-b7fc-dd395fc924cd}</UniqueIdentifier>
    </Filter>
    <Filter Include="01.Utility\07.Picking">
      <UniqueIdentifier>{ba05cdd8-dc67-4803-a18f-7cf384f650f5}</UniqueIdentifier>
    </Filter>
    <Filter Include="01.Utility\03.Component\VIBuffer\Terrain\QuadTree">
      <UniqueIdentifier>{72774aa8-60df-485c-91f4-a6eca67b3ddc}</UniqueIdentifier>
    </Filter>
    <Filter Include="98.pch">
      <UniqueIdentifier>{107684e2-95b1-4bc3-a2e4-03ae636fec02}</UniqueIdentifier>
    </Filter>
    <Filter Include="01.Utility\03.Component\RigidBody">
      <UniqueIdentifier>{e6d7da03-00c0-4c21-be11-5d581401c62a}</UniqueIdentifier>
    </Filter>
    <Filter Include="01.Utility\02.GameObject\Pool">
      <UniqueIdentifier>{6599dcd5-de57-4b9b-8fc8-06b6a0cbb5ed}</UniqueIdentifier>
    </Filter>
    <Filter Include="01.Utility\02.GameObject\Pool\Manager">
      <UniqueIdentifier>{565e7f0a-e0b8-4a4f-b7c8-3c8d455eb800}</UniqueIdentifier>
    </Filter>
    <Filter Include="01.Utility\03.Component\Model\Model_Instance">
      <UniqueIdentifier>{62bb2252-6fc8-45d0-984f-058df548e135}</UniqueIdentifier>
    </Filter>
    <Filter Include="01.Utility\03.Component\Model\Model_Instance\Mesh">
      <UniqueIdentifier>{2ba653db-181c-4135-bb3f-3a615341c579}</UniqueIdentifier>
    </Filter>
    <Filter Include="01.Utility\03.Component\RigidBody\CharacterVirtual">
      <UniqueIdentifier>{09e723ca-0ab0-4b34-bd76-99a5fca6d80b}</UniqueIdentifier>
    </Filter>
    <Filter Include="01.Utility\03.Component\RigidBody\Body">
      <UniqueIdentifier>{234491fb-0a84-4d47-983d-5d177c16d1f4}</UniqueIdentifier>
    </Filter>
    <Filter Include="01.Utility\03.Component\VIBuffer\Instance\UI">
      <UniqueIdentifier>{4d49d96d-a532-4f2a-81c6-c554d0f4a230}</UniqueIdentifier>
    </Filter>
    <Filter Include="01.Utility\03.Component\VIBuffer\Instance\Mesh">
      <UniqueIdentifier>{2b9ab067-39b0-4d29-bbf5-98929792d67e}</UniqueIdentifier>
    </Filter>
    <Filter Include="01.Utility\02.GameObject\UIObject\Parent">
      <UniqueIdentifier>{54f95aaf-6316-4314-94d9-df09f0191430}</UniqueIdentifier>
    </Filter>
    <Filter Include="01.Utility\95.AI">
      <UniqueIdentifier>{131fd22b-e9d4-4072-9982-a851e9e8a3e1}</UniqueIdentifier>
    </Filter>
    <Filter Include="01.Utility\95.AI\BlackBoard">
      <UniqueIdentifier>{7a5dea83-1671-4c2f-8bcd-ded947b3d0a3}</UniqueIdentifier>
    </Filter>
    <Filter Include="01.Utility\95.AI\State_Machine">
      <UniqueIdentifier>{b380d505-c925-4960-8c69-5c041ba02e75}</UniqueIdentifier>
    </Filter>
    <Filter Include="01.Utility\95.AI\State">
      <UniqueIdentifier>{015e6b91-84aa-4158-80b3-65f9771b6c33}</UniqueIdentifier>
    </Filter>
    <Filter Include="01.Utility\95.AI\Perception">
      <UniqueIdentifier>{1f1eb65d-0dea-40c9-a50e-f4848e5d8f0b}</UniqueIdentifier>
    </Filter>
    <Filter Include="01.Utility\95.AI\BehaviorTree">
      <UniqueIdentifier>{67d8ad5b-8c7b-4ecb-a3bf-6612b0051cac}</UniqueIdentifier>
    </Filter>
    <Filter Include="01.Utility\95.AI\BehaviorTree\Node">
      <UniqueIdentifier>{cbc64236-8e5e-4fe4-9074-affe5830db55}</UniqueIdentifier>
    </Filter>
    <Filter Include="01.Utility\95.AI\BehaviorTree\Node\Action">
      <UniqueIdentifier>{e9bb55c2-5717-4426-877a-83401ad0be23}</UniqueIdentifier>
    </Filter>
    <Filter Include="01.Utility\95.AI\Perception\Defines">
      <UniqueIdentifier>{af6d097c-4c14-4237-9d40-74ef0a27deba}</UniqueIdentifier>
    </Filter>
    <Filter Include="01.Utility\95.AI\BehaviorTree\Node\Composite">
      <UniqueIdentifier>{7553b867-4e72-40d2-8765-59762de9b3c9}</UniqueIdentifier>
    </Filter>
    <Filter Include="01.Utility\95.AI\BehaviorTree\Node\Composite\Selector">
      <UniqueIdentifier>{76a91df9-9701-43cf-94a7-63a61c86b70c}</UniqueIdentifier>
    </Filter>
    <Filter Include="01.Utility\95.AI\BehaviorTree\Node\Composite\Sequence">
      <UniqueIdentifier>{314340b6-6e63-44d8-b3d6-ab1b28fc21c1}</UniqueIdentifier>
    </Filter>
    <Filter Include="01.Utility\95.AI\Controller">
      <UniqueIdentifier>{0852f827-122b-49e9-a52b-a6ef29e6a352}</UniqueIdentifier>
    </Filter>
    <Filter Include="01.Utility\03.Component\Model\Manager">
      <UniqueIdentifier>{49e1f034-2450-4ae5-ac04-70146ca4a622}</UniqueIdentifier>
    </Filter>
    <Filter Include="01.Utility\95.AI\BehaviorTree\Node\Condition">
      <UniqueIdentifier>{328d7608-fd2f-4720-a26b-54a668e89b52}</UniqueIdentifier>
    </Filter>
    <Filter Include="01.Utility\95.AI\BehaviorTree\Node\Decorator">
      <UniqueIdentifier>{c49bed69-0d04-4912-90f3-c5836739a441}</UniqueIdentifier>
    </Filter>
    <Filter Include="01.Utility\95.AI\BehaviorTree\Node\Decorator\Repeater">
      <UniqueIdentifier>{89e6684a-a596-41a3-831f-d5c9e22b2a01}</UniqueIdentifier>
    </Filter>
    <Filter Include="01.Utility\95.AI\BehaviorTree\Node\Wait">
      <UniqueIdentifier>{be48391f-f6dc-4d73-8201-a27f78e60f9f}</UniqueIdentifier>
    </Filter>
    <Filter Include="01.Utility\95.AI\BehaviorTree\Node\Decorator\CoolDown">
      <UniqueIdentifier>{83a9a01e-6c8a-44ae-b624-f7f6e1b00406}</UniqueIdentifier>
    </Filter>
    <Filter Include="01.Utility\95.AI\BehaviorTree\Node\Decorator\Inverter">
      <UniqueIdentifier>{ff7d3c95-8f9b-431a-aa13-048ee6b34835}</UniqueIdentifier>
    </Filter>
    <Filter Include="01.Utility\95.AI\BehaviorTree\Node\Defines">
      <UniqueIdentifier>{f60db9af-175b-419d-ae6b-b02d9741a584}</UniqueIdentifier>
    </Filter>
    <Filter Include="01.Utility\94.RenderingResources">
      <UniqueIdentifier>{bfef3783-62f0-48f0-be67-756cbc51ccef}</UniqueIdentifier>
    </Filter>
    <Filter Include="01.Utility\94.RenderingResources\SSAO">
      <UniqueIdentifier>{1219eb8d-8d8f-4f81-ac9a-6842107d9bea}</UniqueIdentifier>
    </Filter>
    <Filter Include="01.Utility\94.RenderingResources\CSM">
      <UniqueIdentifier>{377424c4-9cdb-4e32-97de-fdc0a6cb3ce4}</UniqueIdentifier>
    </Filter>
    <Filter Include="01.Utility\08.Frustum">
      <UniqueIdentifier>{d0100743-ade4-4084-89ee-1a5c29a311ae}</UniqueIdentifier>
    </Filter>
    <Filter Include="01.Utility\09.Input">
      <UniqueIdentifier>{2331d8fc-7949-406e-8f5d-3ab1b6c6d0f4}</UniqueIdentifier>
    </Filter>
    <Filter Include="01.Utility\10.Sound">
      <UniqueIdentifier>{44c6a4ba-81fa-4639-a283-83b4f54f7b06}</UniqueIdentifier>
    </Filter>
    <Filter Include="01.Utility\10.Sound\Manager">
      <UniqueIdentifier>{568e45ce-7d09-45e3-98e5-6ff5e3e42be0}</UniqueIdentifier>
    </Filter>
    <Filter Include="01.Utility\11.ImGui">
      <UniqueIdentifier>{5601abf4-34c8-4fc5-a5b3-64d5b8807272}</UniqueIdentifier>
    </Filter>
    <Filter Include="01.Utility\11.ImGui\Manager">
      <UniqueIdentifier>{a9ef2bbd-b586-47aa-a33f-a68e1e6b0eba}</UniqueIdentifier>
    </Filter>
    <Filter Include="01.Utility\11.ImGui\Define">
      <UniqueIdentifier>{ab936ed2-aa07-49db-96d5-002e4a83bad3}</UniqueIdentifier>
    </Filter>
    <Filter Include="01.Utility\11.ImGui\Guizmo">
      <UniqueIdentifier>{5d63552c-6d32-499d-b702-54b0a148ce46}</UniqueIdentifier>
    </Filter>
    <Filter Include="01.Utility\12.Jolt">
      <UniqueIdentifier>{fa4da91b-c23e-4d54-8693-8317805ba505}</UniqueIdentifier>
    </Filter>
    <Filter Include="01.Utility\12.Jolt\Manager">
      <UniqueIdentifier>{134429d3-eb68-463f-af46-47e137a5124b}</UniqueIdentifier>
    </Filter>
    <Filter Include="01.Utility\12.Jolt\DebugRenderer">
      <UniqueIdentifier>{fb1b9529-9c53-477e-a6e8-ebb13186d288}</UniqueIdentifier>
    </Filter>
    <Filter Include="01.Utility\12.Jolt\Jolt_Layer">
      <UniqueIdentifier>{75da37b4-6df6-4a6a-805f-d81b1fcab97a}</UniqueIdentifier>
    </Filter>
    <Filter Include="01.Utility\12.Jolt\ContactListener">
      <UniqueIdentifier>{602bdd9e-79dd-482f-a825-2abf01bea11f}</UniqueIdentifier>
    </Filter>
    <Filter Include="01.Utility\12.Jolt\DebugDraw">
      <UniqueIdentifier>{61136c8c-9d8c-4c2e-8e9c-23cbeac14a2c}</UniqueIdentifier>
    </Filter>
    <Filter Include="01.Utility\12.Jolt\Filter">
      <UniqueIdentifier>{6a585887-51ce-4b96-b399-47279930e43e}</UniqueIdentifier>
    </Filter>
    <Filter Include="01.Utility\12.Jolt\CharacterVirtualContactListener">
      <UniqueIdentifier>{cc15051d-c1d3-4f03-98af-3c2ed7cf5938}</UniqueIdentifier>
    </Filter>
    <Filter Include="01.Utility\13.ThreadPool">
      <UniqueIdentifier>{42f075f1-3ac7-4b59-a22c-013712a6a958}</UniqueIdentifier>
    </Filter>
    <Filter Include="01.Utility\14.Event">
      <UniqueIdentifier>{9a9d3493-ee12-484a-97a8-7b8b7ff594b5}</UniqueIdentifier>
    </Filter>
    <Filter Include="01.Utility\14.Event\Manager">
      <UniqueIdentifier>{80f19eca-ec79-4c9d-a5d7-e89ac97234e0}</UniqueIdentifier>
    </Filter>
    <Filter Include="01.Utility\15.ComputeShader">
      <UniqueIdentifier>{0bb4192a-acd8-4388-8ab8-4daae5dadf14}</UniqueIdentifier>
    </Filter>
    <Filter Include="01.Utility\15.ComputeShader\Manager">
      <UniqueIdentifier>{e1676e71-8485-4521-bb8f-356adfd967ca}</UniqueIdentifier>
    </Filter>
    <Filter Include="01.Utility\16.Resource">
      <UniqueIdentifier>{f0e7ab3f-91ea-4e92-b91d-c8b0914b35d9}</UniqueIdentifier>
    </Filter>
    <Filter Include="01.Utility\16.Resource\Manager">
      <UniqueIdentifier>{74ac0120-cab6-47e2-b6c0-c43dec2d10b4}</UniqueIdentifier>
    </Filter>
    <Filter Include="01.Utility\17.Octree">
      <UniqueIdentifier>{1a24f7ae-55c7-45fa-8718-fe5789592f6f}</UniqueIdentifier>
    </Filter>
    <Filter Include="01.Utility\12.Jolt\Filter\BodyDraw">
      <UniqueIdentifier>{4e85521a-82eb-4a5a-844a-614876a09f5e}</UniqueIdentifier>
    </Filter>
    <Filter Include="01.Utility\94.RenderingResources\Blur">
      <UniqueIdentifier>{04164c94-d55e-47cc-8a33-5e29e13b0531}</UniqueIdentifier>
    </Filter>
    <Filter Include="01.Utility\94.RenderingResources\Fog">
      <UniqueIdentifier>{0bd4d2b8-2201-4c74-9f9a-00e407f7a444}</UniqueIdentifier>
    </Filter>
    <Filter Include="01.Utility\11.ImGui\Adapter">
      <UniqueIdentifier>{44a65cdf-2ce3-4c92-82ff-f002ca0d5c76}</UniqueIdentifier>
    </Filter>
    <Filter Include="01.Utility\93.Sequence">
      <UniqueIdentifier>{a6e85971-8877-4ef0-93b7-b3d650c46205}</UniqueIdentifier>
    </Filter>
    <Filter Include="01.Utility\93.Sequence\Manager">
      <UniqueIdentifier>{3d2d8ecb-90dc-42b8-b098-f48af915e652}</UniqueIdentifier>
    </Filter>
    <Filter Include="01.Utility\93.Sequence\Interface">
      <UniqueIdentifier>{0dce9e87-4e0f-4a18-919a-9f7fb1d9fdc6}</UniqueIdentifier>
    </Filter>
    <Filter Include="01.Utility\95.AI\BehaviorTree\Node\Composite\Interrupt">
      <UniqueIdentifier>{5c193903-8f07-4bc4-8fb4-2e9b9b1b8fc6}</UniqueIdentifier>
    </Filter>
    <Filter Include="01.Utility\94.RenderingResources\Vignette">
      <UniqueIdentifier>{5a514760-80ef-4a39-828d-44fdfc11fc37}</UniqueIdentifier>
    </Filter>
    <Filter Include="01.Utility\03.Component\VIBuffer\Trail">
      <UniqueIdentifier>{5465306f-5fd6-47a4-83c0-e9515b6df4cf}</UniqueIdentifier>
    </Filter>
    <Filter Include="01.Utility\03.Component\VIBuffer\Trail\VIBuffer_QuadTrail">
      <UniqueIdentifier>{1d869f25-0c2d-4691-8a4c-c5b2ff9914a6}</UniqueIdentifier>
    </Filter>
    <Filter Include="01.Utility\03.Component\VIBuffer\Trail\VIBuffer_LineTrail">
      <UniqueIdentifier>{2c9058cd-319d-42b5-af77-42d5cda9ba53}</UniqueIdentifier>
    </Filter>
    <Filter Include="01.Utility\03.Component\HairPhysic">
      <UniqueIdentifier>{d7234e79-a641-4433-a670-35d0d6ea2cbc}</UniqueIdentifier>
    </Filter>
    <Filter Include="01.Utility\20.BoneChainPhysic">
      <UniqueIdentifier>{425e255b-b518-42ec-8ca9-f0cf2d6f4b40}</UniqueIdentifier>
    </Filter>
    <Filter Include="01.Utility\21.XPBD">
      <UniqueIdentifier>{b061e657-0aa8-4362-9fea-a69bae13943e}</UniqueIdentifier>
    </Filter>
    <Filter Include="01.Utility\02.GameObject\Effect">
      <UniqueIdentifier>{1c4d3cfa-4c45-41e2-8a49-440ce42f8dbf}</UniqueIdentifier>
    </Filter>
    <Filter Include="01.Utility\02.GameObject\Effect\Manager">
      <UniqueIdentifier>{2d58975b-41ed-4ed9-80bb-7519374144a0}</UniqueIdentifier>
    </Filter>
    <Filter Include="01.Utility\02.GameObject\Effect\Prefab">
      <UniqueIdentifier>{fad2561b-a450-47e2-95b3-7d5e1374e509}</UniqueIdentifier>
    </Filter>
    <Filter Include="01.Utility\02.GameObject\Effect\Prefab\Effect_Element">
      <UniqueIdentifier>{30b55a15-3568-4924-966d-29cbd3f69ede}</UniqueIdentifier>
    </Filter>
    <Filter Include="01.Utility\03.Component\DeferredShader">
      <UniqueIdentifier>{dac9fbab-a4ee-4aa1-b692-032aeaaae363}</UniqueIdentifier>
    </Filter>
    <Filter Include="01.Utility\18.Decal">
      <UniqueIdentifier>{86ca67f8-c6d1-410a-8674-6252450cbc2b}</UniqueIdentifier>
    </Filter>
    <Filter Include="01.Utility\18.Decal\Manager">
      <UniqueIdentifier>{a64e4049-d756-4b51-af2b-6f50a0d345fb}</UniqueIdentifier>
    </Filter>
    <Filter Include="01.Utility\94.RenderingResources\Distortion">
      <UniqueIdentifier>{86f561e8-54eb-4786-a8c9-1024f6b5efae}</UniqueIdentifier>
    </Filter>
  </ItemGroup>
  <ItemGroup>
    <ClCompile Include="..\Private\Timer.cpp">
      <Filter>00.System\00.Timers</Filter>
    </ClCompile>
    <ClCompile Include="..\Private\Timer_Manager.cpp">
      <Filter>00.System\00.Timers\Manager</Filter>
    </ClCompile>
    <ClCompile Include="..\Private\GameInstance.cpp">
      <Filter>01.Utility\00.GameInstance</Filter>
    </ClCompile>
    <ClCompile Include="..\Private\Level_Manager.cpp">
      <Filter>01.Utility\01.Levels\Manager</Filter>
    </ClCompile>
    <ClCompile Include="..\Private\Level.cpp">
      <Filter>01.Utility\01.Levels</Filter>
    </ClCompile>
    <ClCompile Include="..\Private\Base.cpp">
      <Filter>01.Utility\99.Base</Filter>
    </ClCompile>
    <ClCompile Include="..\Private\Graphic_Device.cpp">
      <Filter>00.System\01.Device\Graphic</Filter>
    </ClCompile>
    <ClCompile Include="..\Private\Renderer.cpp">
      <Filter>01.Utility\98.Renderer</Filter>
    </ClCompile>
    <ClCompile Include="..\Private\GameObject.cpp">
      <Filter>01.Utility\02.GameObject</Filter>
    </ClCompile>
    <ClCompile Include="..\Private\Object_Manager.cpp">
      <Filter>01.Utility\02.GameObject\Manager</Filter>
    </ClCompile>
    <ClCompile Include="..\Private\Layer.cpp">
      <Filter>01.Utility\02.GameObject\Manager\Layer</Filter>
    </ClCompile>
    <ClCompile Include="..\Private\Prototype_Manager.cpp">
      <Filter>01.Utility\04.Prototypes</Filter>
    </ClCompile>
    <ClCompile Include="..\private\UIObject.cpp">
      <Filter>01.Utility\02.GameObject\UIObject</Filter>
    </ClCompile>
    <ClCompile Include="..\private\Transform.cpp">
      <Filter>01.Utility\03.Component\Transform</Filter>
    </ClCompile>
    <ClCompile Include="..\private\VIBuffer.cpp">
      <Filter>01.Utility\03.Component\VIBuffer</Filter>
    </ClCompile>
    <ClCompile Include="..\private\VIBuffer_Rect.cpp">
      <Filter>01.Utility\03.Component\VIBuffer\Rect</Filter>
    </ClCompile>
    <ClCompile Include="..\Private\Component.cpp">
      <Filter>01.Utility\03.Component</Filter>
    </ClCompile>
    <ClCompile Include="..\private\Shader.cpp">
      <Filter>01.Utility\03.Component\Shader</Filter>
    </ClCompile>
    <ClCompile Include="..\private\Texture.cpp">
      <Filter>01.Utility\03.Component\Texture</Filter>
    </ClCompile>
    <ClCompile Include="..\Private\VIBuffer_Terrain.cpp">
      <Filter>01.Utility\03.Component\VIBuffer\Terrain</Filter>
    </ClCompile>
    <ClCompile Include="..\private\Camera.cpp">
      <Filter>01.Utility\02.GameObject\Camera</Filter>
    </ClCompile>
    <ClCompile Include="..\private\PipeLine.cpp">
      <Filter>01.Utility\97.PipeLine</Filter>
    </ClCompile>
    <ClCompile Include="..\Private\Input_Device.cpp">
      <Filter>00.System\01.Device\Input</Filter>
    </ClCompile>
    <ClCompile Include="..\private\Light_Manager.cpp">
      <Filter>01.Utility\96.Lights\Manager</Filter>
    </ClCompile>
    <ClCompile Include="..\private\Light.cpp">
      <Filter>01.Utility\96.Lights</Filter>
    </ClCompile>
    <ClCompile Include="..\private\Model.cpp">
      <Filter>01.Utility\03.Component\Model</Filter>
    </ClCompile>
    <ClCompile Include="..\Private\Mesh.cpp">
      <Filter>01.Utility\03.Component\Model\Mesh</Filter>
    </ClCompile>
    <ClCompile Include="..\private\MeshMaterial.cpp">
      <Filter>01.Utility\03.Component\Model\Material</Filter>
    </ClCompile>
    <ClCompile Include="..\private\Bone.cpp">
      <Filter>01.Utility\03.Component\Model\Bone</Filter>
    </ClCompile>
    <ClCompile Include="..\private\Animation.cpp">
      <Filter>01.Utility\03.Component\Model\Animation</Filter>
    </ClCompile>
    <ClCompile Include="..\private\Channel.cpp">
      <Filter>01.Utility\03.Component\Model\Animation\Channel</Filter>
    </ClCompile>
    <ClCompile Include="..\private\ContainerObject.cpp">
      <Filter>01.Utility\02.GameObject\ContainerObject</Filter>
    </ClCompile>
    <ClCompile Include="..\private\PartObject.cpp">
      <Filter>01.Utility\02.GameObject\ContainerObject\PartObject</Filter>
    </ClCompile>
    <ClCompile Include="..\Private\VIBuffer_Cube.cpp">
      <Filter>01.Utility\03.Component\VIBuffer\Cube</Filter>
    </ClCompile>
    <ClCompile Include="..\private\Navigation.cpp">
      <Filter>01.Utility\03.Component\Navigation</Filter>
    </ClCompile>
    <ClCompile Include="..\private\Cell.cpp">
      <Filter>01.Utility\03.Component\Navigation\Cell</Filter>
    </ClCompile>
    <ClCompile Include="..\Private\VIBuffer_Cell.cpp">
      <Filter>01.Utility\03.Component\VIBuffer\Cell</Filter>
    </ClCompile>
    <ClCompile Include="..\Private\VIBuffer_Instance.cpp">
      <Filter>01.Utility\03.Component\VIBuffer\Instance</Filter>
    </ClCompile>
    <ClCompile Include="..\private\RenderTarget.cpp">
      <Filter>01.Utility\06.RenderTargets</Filter>
    </ClCompile>
    <ClCompile Include="..\private\Target_Manager.cpp">
      <Filter>01.Utility\06.RenderTargets\Manager</Filter>
    </ClCompile>
    <ClCompile Include="..\private\Picking.cpp">
      <Filter>01.Utility\07.Picking</Filter>
    </ClCompile>
    <ClCompile Include="..\private\Shadow.cpp">
      <Filter>01.Utility\94.RenderingResources\CSM</Filter>
    </ClCompile>
    <ClCompile Include="..\private\Frustum.cpp">
      <Filter>01.Utility\08.Frustum</Filter>
    </ClCompile>
    <ClCompile Include="..\private\QuadTree.cpp">
      <Filter>01.Utility\03.Component\VIBuffer\Terrain\QuadTree</Filter>
    </ClCompile>
    <ClCompile Include="..\Private\Input_Manager.cpp">
      <Filter>01.Utility\09.Input</Filter>
    </ClCompile>
    <ClCompile Include="..\Private\Sound_Manager.cpp">
      <Filter>01.Utility\10.Sound\Manager</Filter>
    </ClCompile>
    <ClCompile Include="..\Private\Imgui_Manager.cpp">
      <Filter>01.Utility\11.ImGui\Manager</Filter>
    </ClCompile>
    <ClCompile Include="..\Private\Jolt_Manager.cpp">
      <Filter>01.Utility\12.Jolt\Manager</Filter>
    </ClCompile>
    <ClCompile Include="..\Private\ThreadPool.cpp">
      <Filter>01.Utility\13.ThreadPool</Filter>
    </ClCompile>
    <ClCompile Include="..\Private\RigidBody.cpp">
      <Filter>01.Utility\03.Component\RigidBody</Filter>
    </ClCompile>
    <ClCompile Include="..\Private\Jolt_DebugRenderer.cpp">
      <Filter>01.Utility\12.Jolt\DebugRenderer</Filter>
    </ClCompile>
    <ClCompile Include="..\Private\Jolt_Layer.cpp">
      <Filter>01.Utility\12.Jolt\Jolt_Layer</Filter>
    </ClCompile>
    <ClCompile Include="..\Private\Jolt_ContactListener.cpp">
      <Filter>01.Utility\12.Jolt\ContactListener</Filter>
    </ClCompile>
    <ClCompile Include="..\Private\Model_Instance.cpp">
      <Filter>01.Utility\03.Component\Model\Model_Instance</Filter>
    </ClCompile>
    <ClCompile Include="..\Private\Pool_Manager.cpp">
      <Filter>01.Utility\02.GameObject\Pool\Manager</Filter>
    </ClCompile>
    <ClCompile Include="..\Private\Event_Manager.cpp">
      <Filter>01.Utility\14.Event\Manager</Filter>
    </ClCompile>
    <ClCompile Include="..\Private\DebugDraw.cpp">
      <Filter>01.Utility\12.Jolt\DebugDraw</Filter>
    </ClCompile>
    <ClCompile Include="EnginePch.cpp">
      <Filter>98.pch</Filter>
    </ClCompile>
    <ClCompile Include="..\Private\CharacterVirtual.cpp">
      <Filter>01.Utility\03.Component\RigidBody\CharacterVirtual</Filter>
    </ClCompile>
    <ClCompile Include="..\Private\ModelMesh_Instance.cpp">
      <Filter>01.Utility\03.Component\Model\Model_Instance\Mesh</Filter>
    </ClCompile>
    <ClCompile Include="..\Private\Resource_Manager.cpp">
      <Filter>01.Utility\16.Resource\Manager</Filter>
    </ClCompile>
    <ClCompile Include="..\private\ComputeShader.cpp">
      <Filter>01.Utility\15.ComputeShader</Filter>
    </ClCompile>
    <ClCompile Include="..\private\ComputeShader_Manager.cpp">
      <Filter>01.Utility\15.ComputeShader\Manager</Filter>
    </ClCompile>
    <ClCompile Include="..\Private\Jolt_CharacterContactListener.cpp">
      <Filter>01.Utility\12.Jolt\CharacterVirtualContactListener</Filter>
    </ClCompile>
    <ClCompile Include="..\Private\Body.cpp">
      <Filter>01.Utility\03.Component\RigidBody\Body</Filter>
    </ClCompile>
    <ClCompile Include="..\private\Texture_Atlas.cpp">
      <Filter>01.Utility\03.Component\Texture</Filter>
    </ClCompile>
    <ClCompile Include="..\Private\VIBuffer_Point_Instance.cpp">
      <Filter>01.Utility\03.Component\VIBuffer\Instance\Point</Filter>
    </ClCompile>
    <ClCompile Include="..\private\VIBuffer_Instance_UI.cpp">
      <Filter>01.Utility\03.Component\VIBuffer\Instance\UI</Filter>
    </ClCompile>
    <ClCompile Include="..\private\UIParent.cpp">
      <Filter>01.Utility\02.GameObject\UIObject\Parent</Filter>
    </ClCompile>
    <ClCompile Include="..\Private\VIBuffer_Mesh_Instance.cpp">
      <Filter>01.Utility\03.Component\VIBuffer\Instance\Mesh</Filter>
    </ClCompile>
    <ClCompile Include="..\Private\StateMachine.cpp">
      <Filter>01.Utility\95.AI\State_Machine</Filter>
    </ClCompile>
    <ClCompile Include="..\Private\AI_State.cpp">
      <Filter>01.Utility\95.AI\State</Filter>
    </ClCompile>
    <ClCompile Include="..\Private\BlackBoard.cpp">
      <Filter>01.Utility\95.AI\BlackBoard</Filter>
    </ClCompile>
    <ClCompile Include="..\Private\Perception.cpp">
      <Filter>01.Utility\95.AI\Perception</Filter>
    </ClCompile>
    <ClCompile Include="..\Private\Action_Node.cpp">
      <Filter>01.Utility\95.AI\BehaviorTree\Node\Action</Filter>
    </ClCompile>
    <ClCompile Include="..\Private\BTNode.cpp">
      <Filter>01.Utility\95.AI\BehaviorTree\Node</Filter>
    </ClCompile>
    <ClCompile Include="..\Private\Composite_Node.cpp">
      <Filter>01.Utility\95.AI\BehaviorTree\Node\Composite</Filter>
    </ClCompile>
    <ClCompile Include="..\Private\Sequence_Node.cpp">
      <Filter>01.Utility\95.AI\BehaviorTree\Node\Composite\Sequence</Filter>
    </ClCompile>
    <ClCompile Include="..\Private\Selector_Node.cpp">
      <Filter>01.Utility\95.AI\BehaviorTree\Node\Composite\Selector</Filter>
    </ClCompile>
    <ClCompile Include="..\Private\BehaviorTree.cpp">
      <Filter>01.Utility\95.AI\BehaviorTree</Filter>
    </ClCompile>
    <ClCompile Include="..\Private\AI_Controller.cpp">
      <Filter>01.Utility\95.AI\Controller</Filter>
    </ClCompile>
    <ClCompile Include="..\private\AnimationTransitionManager.cpp">
      <Filter>01.Utility\03.Component\Model\Manager</Filter>
    </ClCompile>
    <ClCompile Include="..\Private\Condition_Node.cpp">
      <Filter>01.Utility\95.AI\BehaviorTree\Node\Condition</Filter>
    </ClCompile>
    <ClCompile Include="..\Private\Decorator_Node.cpp">
      <Filter>01.Utility\95.AI\BehaviorTree\Node\Decorator</Filter>
    </ClCompile>
    <ClCompile Include="..\Private\Wait_Node.cpp">
      <Filter>01.Utility\95.AI\BehaviorTree\Node\Wait</Filter>
    </ClCompile>
    <ClCompile Include="..\Private\Repeater_Node.cpp">
      <Filter>01.Utility\95.AI\BehaviorTree\Node\Decorator\Repeater</Filter>
    </ClCompile>
    <ClCompile Include="..\Private\CoolDown_Nodel.cpp">
      <Filter>01.Utility\95.AI\BehaviorTree\Node\Decorator\CoolDown</Filter>
    </ClCompile>
    <ClCompile Include="..\Private\Inverter_Node.cpp">
      <Filter>01.Utility\95.AI\BehaviorTree\Node\Decorator\Inverter</Filter>
    </ClCompile>
    <ClCompile Include="..\Public\ImGui\imgui_tables.cpp">
      <Filter>01.Utility\11.ImGui\Define</Filter>
    </ClCompile>
    <ClCompile Include="..\Public\ImGui\imgui_widgets.cpp">
      <Filter>01.Utility\11.ImGui\Define</Filter>
    </ClCompile>
    <ClCompile Include="..\Public\ImGui\imgui.cpp">
      <Filter>01.Utility\11.ImGui\Define</Filter>
    </ClCompile>
    <ClCompile Include="..\Public\ImGui\imgui_demo.cpp">
      <Filter>01.Utility\11.ImGui\Define</Filter>
    </ClCompile>
    <ClCompile Include="..\Public\ImGui\imgui_draw.cpp">
      <Filter>01.Utility\11.ImGui\Define</Filter>
    </ClCompile>
    <ClCompile Include="..\Public\ImGui\imgui_impl_dx11.cpp">
      <Filter>01.Utility\11.ImGui\Define</Filter>
    </ClCompile>
    <ClCompile Include="..\Public\ImGui\imgui_impl_win32.cpp">
      <Filter>01.Utility\11.ImGui\Define</Filter>
    </ClCompile>
    <ClCompile Include="..\Public\Guizmo\GraphEditor.cpp">
      <Filter>01.Utility\11.ImGui\Guizmo</Filter>
    </ClCompile>
    <ClCompile Include="..\Public\Guizmo\ImCurveEdit.cpp">
      <Filter>01.Utility\11.ImGui\Guizmo</Filter>
    </ClCompile>
    <ClCompile Include="..\Public\Guizmo\ImGradient.cpp">
      <Filter>01.Utility\11.ImGui\Guizmo</Filter>
    </ClCompile>
    <ClCompile Include="..\Public\Guizmo\ImGuizmo.cpp">
      <Filter>01.Utility\11.ImGui\Guizmo</Filter>
    </ClCompile>
    <ClCompile Include="..\Public\Guizmo\ImSequencer.cpp">
      <Filter>01.Utility\11.ImGui\Guizmo</Filter>
    </ClCompile>
    <ClCompile Include="..\private\Font_Manager.cpp">
      <Filter>01.Utility\05.Fonts\Manager</Filter>
    </ClCompile>
    <ClCompile Include="..\private\Font_Face.cpp">
      <Filter>01.Utility\05.Fonts</Filter>
    </ClCompile>
    <ClCompile Include="..\private\Font_Renderer.cpp">
      <Filter>01.Utility\05.Fonts</Filter>
    </ClCompile>
    <ClCompile Include="..\private\SSAO.cpp">
      <Filter>01.Utility\94.RenderingResources\SSAO</Filter>
    </ClCompile>
    <ClCompile Include="..\Private\Octree.cpp">
      <Filter>01.Utility\17.Octree</Filter>
    </ClCompile>
    <ClCompile Include="..\private\Blur.cpp">
      <Filter>01.Utility\94.RenderingResources\Blur</Filter>
    </ClCompile>
    <ClCompile Include="..\private\Fog.cpp">
      <Filter>01.Utility\94.RenderingResources\Fog</Filter>
    </ClCompile>
    <ClCompile Include="..\Private\SequenceAdapter.cpp">
      <Filter>01.Utility\11.ImGui\Adapter</Filter>
    </ClCompile>
    <ClCompile Include="..\Private\Sequence_Manager.cpp">
      <Filter>01.Utility\93.Sequence\Manager</Filter>
    </ClCompile>
    <ClCompile Include="..\Private\InterruptibleSelector_Node.cpp">
      <Filter>01.Utility\95.AI\BehaviorTree\Node\Composite\Interrupt</Filter>
    </ClCompile>
    <ClCompile Include="..\private\Vignette.cpp">
      <Filter>01.Utility\94.RenderingResources\Vignette</Filter>
    </ClCompile>
    <ClCompile Include="..\private\Decal.cpp">
      <Filter>01.Utility\18.Decal</Filter>
    </ClCompile>
    <ClCompile Include="..\Private\VIBuffer_QuadTrail.cpp">
      <Filter>01.Utility\03.Component\VIBuffer\Trail\VIBuffer_QuadTrail</Filter>
    </ClCompile>
    <ClCompile Include="..\Private\VIBuffer_LineTrail.cpp">
      <Filter>01.Utility\03.Component\VIBuffer\Trail\VIBuffer_LineTrail</Filter>
    </ClCompile>
    <ClCompile Include="..\private\Decal_Manager.cpp">
      <Filter>01.Utility\18.Decal\Manager</Filter>
    </ClCompile>
    <ClCompile Include="..\Private\BoneChainPhysic.cpp">
      <Filter>01.Utility\20.BoneChainPhysic</Filter>
    </ClCompile>
    <ClCompile Include="..\Public\BoneTreePBD.cpp">
      <Filter>01.Utility\20.BoneChainPhysic</Filter>
    </ClCompile>
    <ClCompile Include="..\Private\XPBD.cpp">
      <Filter>01.Utility\21.XPBD</Filter>
    </ClCompile>
    <ClCompile Include="..\Private\Effect_Element.cpp">
      <Filter>01.Utility\02.GameObject\Effect\Prefab\Effect_Element</Filter>
    </ClCompile>
    <ClCompile Include="..\Private\Prefab.cpp">
      <Filter>01.Utility\02.GameObject\Effect\Prefab</Filter>
    </ClCompile>
    <ClCompile Include="..\Private\Effect_Manager.cpp">
      <Filter>01.Utility\02.GameObject\Effect\Manager</Filter>
    </ClCompile>
    <ClCompile Include="..\Private\DeferredShader.cpp">
      <Filter>01.Utility\03.Component\DeferredShader</Filter>
    </ClCompile>
    <ClCompile Include="..\Private\Distortion.cpp">
      <Filter>01.Utility\94.RenderingResources\Distortion</Filter>
    </ClCompile>
  </ItemGroup>
  <ItemGroup>
    <ClInclude Include="..\Public\Engine_Defines.h">
      <Filter>99.Defines</Filter>
    </ClInclude>
    <ClInclude Include="..\Public\Engine_Enum.h">
      <Filter>99.Defines</Filter>
    </ClInclude>
    <ClInclude Include="..\Public\Engine_Function.h">
      <Filter>99.Defines</Filter>
    </ClInclude>
    <ClInclude Include="..\Public\Engine_Macro.h">
      <Filter>99.Defines</Filter>
    </ClInclude>
    <ClInclude Include="..\Public\Engine_Struct.h">
      <Filter>99.Defines</Filter>
    </ClInclude>
    <ClInclude Include="..\Public\Engine_Typedef.h">
      <Filter>99.Defines</Filter>
    </ClInclude>
    <ClInclude Include="..\Public\Timer.h">
      <Filter>00.System\00.Timers</Filter>
    </ClInclude>
    <ClInclude Include="..\Public\Timer_Manager.h">
      <Filter>00.System\00.Timers\Manager</Filter>
    </ClInclude>
    <ClInclude Include="..\Public\GameInstance.h">
      <Filter>01.Utility\00.GameInstance</Filter>
    </ClInclude>
    <ClInclude Include="..\Public\Level_Manager.h">
      <Filter>01.Utility\01.Levels\Manager</Filter>
    </ClInclude>
    <ClInclude Include="..\Public\Level.h">
      <Filter>01.Utility\01.Levels</Filter>
    </ClInclude>
    <ClInclude Include="..\Public\Base.h">
      <Filter>01.Utility\99.Base</Filter>
    </ClInclude>
    <ClInclude Include="..\Public\Graphic_Device.h">
      <Filter>00.System\01.Device\Graphic</Filter>
    </ClInclude>
    <ClInclude Include="..\Public\Renderer.h">
      <Filter>01.Utility\98.Renderer</Filter>
    </ClInclude>
    <ClInclude Include="..\Public\GameObject.h">
      <Filter>01.Utility\02.GameObject</Filter>
    </ClInclude>
    <ClInclude Include="..\Public\Component.h">
      <Filter>01.Utility\03.Component</Filter>
    </ClInclude>
    <ClInclude Include="..\Public\Object_Manager.h">
      <Filter>01.Utility\02.GameObject\Manager</Filter>
    </ClInclude>
    <ClInclude Include="..\Public\Layer.h">
      <Filter>01.Utility\02.GameObject\Manager\Layer</Filter>
    </ClInclude>
    <ClInclude Include="..\Public\Prototype_Manager.h">
      <Filter>01.Utility\04.Prototypes</Filter>
    </ClInclude>
    <ClInclude Include="..\public\UIObject.h">
      <Filter>01.Utility\02.GameObject\UIObject</Filter>
    </ClInclude>
    <ClInclude Include="..\public\Transform.h">
      <Filter>01.Utility\03.Component\Transform</Filter>
    </ClInclude>
    <ClInclude Include="..\public\VIBuffer.h">
      <Filter>01.Utility\03.Component\VIBuffer</Filter>
    </ClInclude>
    <ClInclude Include="..\public\VIBuffer_Rect.h">
      <Filter>01.Utility\03.Component\VIBuffer\Rect</Filter>
    </ClInclude>
    <ClInclude Include="..\public\Shader.h">
      <Filter>01.Utility\03.Component\Shader</Filter>
    </ClInclude>
    <ClInclude Include="..\public\Texture.h">
      <Filter>01.Utility\03.Component\Texture</Filter>
    </ClInclude>
    <ClInclude Include="..\Public\VIBuffer_Terrain.h">
      <Filter>01.Utility\03.Component\VIBuffer\Terrain</Filter>
    </ClInclude>
    <ClInclude Include="..\public\Camera.h">
      <Filter>01.Utility\02.GameObject\Camera</Filter>
    </ClInclude>
    <ClInclude Include="..\public\PipeLine.h">
      <Filter>01.Utility\97.PipeLine</Filter>
    </ClInclude>
    <ClInclude Include="..\Public\Input_Device.h">
      <Filter>00.System\01.Device\Input</Filter>
    </ClInclude>
    <ClInclude Include="..\public\Light_Manager.h">
      <Filter>01.Utility\96.Lights\Manager</Filter>
    </ClInclude>
    <ClInclude Include="..\public\Light.h">
      <Filter>01.Utility\96.Lights</Filter>
    </ClInclude>
    <ClInclude Include="..\public\Model.h">
      <Filter>01.Utility\03.Component\Model</Filter>
    </ClInclude>
    <ClInclude Include="..\Public\Mesh.h">
      <Filter>01.Utility\03.Component\Model\Mesh</Filter>
    </ClInclude>
    <ClInclude Include="..\public\MeshMaterial.h">
      <Filter>01.Utility\03.Component\Model\Material</Filter>
    </ClInclude>
    <ClInclude Include="..\public\Bone.h">
      <Filter>01.Utility\03.Component\Model\Bone</Filter>
    </ClInclude>
    <ClInclude Include="..\public\Animation.h">
      <Filter>01.Utility\03.Component\Model\Animation</Filter>
    </ClInclude>
    <ClInclude Include="..\public\Channel.h">
      <Filter>01.Utility\03.Component\Model\Animation\Channel</Filter>
    </ClInclude>
    <ClInclude Include="..\public\ContainerObject.h">
      <Filter>01.Utility\02.GameObject\ContainerObject</Filter>
    </ClInclude>
    <ClInclude Include="..\public\PartObject.h">
      <Filter>01.Utility\02.GameObject\ContainerObject\PartObject</Filter>
    </ClInclude>
    <ClInclude Include="..\Public\VIBuffer_Cube.h">
      <Filter>01.Utility\03.Component\VIBuffer\Cube</Filter>
    </ClInclude>
    <ClInclude Include="..\public\Navigation.h">
      <Filter>01.Utility\03.Component\Navigation</Filter>
    </ClInclude>
    <ClInclude Include="..\public\Cell.h">
      <Filter>01.Utility\03.Component\Navigation\Cell</Filter>
    </ClInclude>
    <ClInclude Include="..\Public\VIBuffer_Cell.h">
      <Filter>01.Utility\03.Component\VIBuffer\Cell</Filter>
    </ClInclude>
    <ClInclude Include="..\public\VIBuffer_Instance.h">
      <Filter>01.Utility\03.Component\VIBuffer\Instance</Filter>
    </ClInclude>
    <ClInclude Include="..\public\RenderTarget.h">
      <Filter>01.Utility\06.RenderTargets</Filter>
    </ClInclude>
    <ClInclude Include="..\public\Target_Manager.h">
      <Filter>01.Utility\06.RenderTargets\Manager</Filter>
    </ClInclude>
    <ClInclude Include="..\public\Picking.h">
      <Filter>01.Utility\07.Picking</Filter>
    </ClInclude>
    <ClInclude Include="..\public\Shadow.h">
      <Filter>01.Utility\94.RenderingResources\CSM</Filter>
    </ClInclude>
    <ClInclude Include="..\public\Frustum.h">
      <Filter>01.Utility\08.Frustum</Filter>
    </ClInclude>
    <ClInclude Include="..\public\QuadTree.h">
      <Filter>01.Utility\03.Component\VIBuffer\Terrain\QuadTree</Filter>
    </ClInclude>
    <ClInclude Include="..\Public\Input_Manager.h">
      <Filter>01.Utility\09.Input</Filter>
    </ClInclude>
    <ClInclude Include="..\Public\Sound_Manager.h">
      <Filter>01.Utility\10.Sound\Manager</Filter>
    </ClInclude>
    <ClInclude Include="..\Public\Imgui_Manager.h">
      <Filter>01.Utility\11.ImGui\Manager</Filter>
    </ClInclude>
    <ClInclude Include="..\Public\Jolt_Manager.h">
      <Filter>01.Utility\12.Jolt\Manager</Filter>
    </ClInclude>
    <ClInclude Include="..\Public\ThreadPool.h">
      <Filter>01.Utility\13.ThreadPool</Filter>
    </ClInclude>
    <ClInclude Include="..\Public\RigidBody.h">
      <Filter>01.Utility\03.Component\RigidBody</Filter>
    </ClInclude>
    <ClInclude Include="..\Public\Jolt_DebugRenderer.h">
      <Filter>01.Utility\12.Jolt\DebugRenderer</Filter>
    </ClInclude>
    <ClInclude Include="..\Public\Jolt_Layer.h">
      <Filter>01.Utility\12.Jolt\Jolt_Layer</Filter>
    </ClInclude>
    <ClInclude Include="..\Public\Jolt_ContactListener.h">
      <Filter>01.Utility\12.Jolt\ContactListener</Filter>
    </ClInclude>
    <ClInclude Include="..\Public\Model_Instance.h">
      <Filter>01.Utility\03.Component\Model\Model_Instance</Filter>
    </ClInclude>
    <ClInclude Include="..\Public\Pool_Manager.h">
      <Filter>01.Utility\02.GameObject\Pool\Manager</Filter>
    </ClInclude>
    <ClInclude Include="..\Public\Event_Manager.h">
      <Filter>01.Utility\14.Event\Manager</Filter>
    </ClInclude>
    <ClInclude Include="..\Public\DebugDraw.h">
      <Filter>01.Utility\12.Jolt\DebugDraw</Filter>
    </ClInclude>
    <ClInclude Include="..\Public\Engine_Json.h">
      <Filter>99.Defines</Filter>
    </ClInclude>
    <ClInclude Include="EnginePch.h">
      <Filter>98.pch</Filter>
    </ClInclude>
    <ClInclude Include="..\Public\CharacterVirtual.h">
      <Filter>01.Utility\03.Component\RigidBody\CharacterVirtual</Filter>
    </ClInclude>
    <ClInclude Include="..\Public\ModelMesh_Instance.h">
      <Filter>01.Utility\03.Component\Model\Model_Instance\Mesh</Filter>
    </ClInclude>
    <ClInclude Include="..\Public\Resource_Manager.h">
      <Filter>01.Utility\16.Resource\Manager</Filter>
    </ClInclude>
    <ClInclude Include="..\public\ComputeShader.h">
      <Filter>01.Utility\15.ComputeShader</Filter>
    </ClInclude>
    <ClInclude Include="..\public\ComputeShader_Manager.h">
      <Filter>01.Utility\15.ComputeShader\Manager</Filter>
    </ClInclude>
    <ClInclude Include="..\Public\Engine_ConstantBuffer.h">
      <Filter>99.Defines</Filter>
    </ClInclude>
    <ClInclude Include="..\Public\Jolt_CharacterContactListener.h">
      <Filter>01.Utility\12.Jolt\CharacterVirtualContactListener</Filter>
    </ClInclude>
    <ClInclude Include="..\Public\Body.h">
      <Filter>01.Utility\03.Component\RigidBody\Body</Filter>
    </ClInclude>
    <ClInclude Include="..\public\Texture_Atlas.h">
      <Filter>01.Utility\03.Component\Texture</Filter>
    </ClInclude>
    <ClInclude Include="..\Public\VIBuffer_Point_Instance.h">
      <Filter>01.Utility\03.Component\VIBuffer\Instance\Point</Filter>
    </ClInclude>
    <ClInclude Include="..\public\VIBuffer_Instance_UI.h">
      <Filter>01.Utility\03.Component\VIBuffer\Instance\UI</Filter>
    </ClInclude>
    <ClInclude Include="..\public\UIParent.h">
      <Filter>01.Utility\02.GameObject\UIObject\Parent</Filter>
    </ClInclude>
    <ClInclude Include="..\Public\VIBuffer_Mesh_Instance.h">
      <Filter>01.Utility\03.Component\VIBuffer\Instance\Mesh</Filter>
    </ClInclude>
    <ClInclude Include="..\Public\StateMachine.h">
      <Filter>01.Utility\95.AI\State_Machine</Filter>
    </ClInclude>
    <ClInclude Include="..\Public\AI_State.h">
      <Filter>01.Utility\95.AI\State</Filter>
    </ClInclude>
    <ClInclude Include="..\Public\BlackBoard.h">
      <Filter>01.Utility\95.AI\BlackBoard</Filter>
    </ClInclude>
    <ClInclude Include="..\Public\Perception.h">
      <Filter>01.Utility\95.AI\Perception</Filter>
    </ClInclude>
    <ClInclude Include="..\Public\Perception_Defines.h">
      <Filter>01.Utility\95.AI\Perception\Defines</Filter>
    </ClInclude>
    <ClInclude Include="..\Public\Action_Node.h">
      <Filter>01.Utility\95.AI\BehaviorTree\Node\Action</Filter>
    </ClInclude>
    <ClInclude Include="..\Public\BTNode.h">
      <Filter>01.Utility\95.AI\BehaviorTree\Node</Filter>
    </ClInclude>
    <ClInclude Include="..\Public\Composite_Node.h">
      <Filter>01.Utility\95.AI\BehaviorTree\Node\Composite</Filter>
    </ClInclude>
    <ClInclude Include="..\Public\Sequence_Node.h">
      <Filter>01.Utility\95.AI\BehaviorTree\Node\Composite\Sequence</Filter>
    </ClInclude>
    <ClInclude Include="..\Public\Selector_Node.h">
      <Filter>01.Utility\95.AI\BehaviorTree\Node\Composite\Selector</Filter>
    </ClInclude>
    <ClInclude Include="..\Public\BehaviorTree.h">
      <Filter>01.Utility\95.AI\BehaviorTree</Filter>
    </ClInclude>
    <ClInclude Include="..\Public\AI_Controller.h">
      <Filter>01.Utility\95.AI\Controller</Filter>
    </ClInclude>
    <ClInclude Include="..\public\AnimationTransitionManager.h">
      <Filter>01.Utility\03.Component\Model\Manager</Filter>
    </ClInclude>
    <ClInclude Include="..\Public\Condition_Node.h">
      <Filter>01.Utility\95.AI\BehaviorTree\Node\Condition</Filter>
    </ClInclude>
    <ClInclude Include="..\Public\Decorator_Node.h">
      <Filter>01.Utility\95.AI\BehaviorTree\Node\Decorator</Filter>
    </ClInclude>
    <ClInclude Include="..\Public\Wait_Node.h">
      <Filter>01.Utility\95.AI\BehaviorTree\Node\Wait</Filter>
    </ClInclude>
    <ClInclude Include="..\Public\Repeater_Node.h">
      <Filter>01.Utility\95.AI\BehaviorTree\Node\Decorator\Repeater</Filter>
    </ClInclude>
    <ClInclude Include="..\Public\CoolDown_Nodel.h">
      <Filter>01.Utility\95.AI\BehaviorTree\Node\Decorator\CoolDown</Filter>
    </ClInclude>
    <ClInclude Include="..\Public\Inverter_Node.h">
      <Filter>01.Utility\95.AI\BehaviorTree\Node\Decorator\Inverter</Filter>
    </ClInclude>
    <ClInclude Include="..\Public\ImGui\imstb_rectpack.h">
      <Filter>01.Utility\11.ImGui\Define</Filter>
    </ClInclude>
    <ClInclude Include="..\Public\ImGui\imstb_textedit.h">
      <Filter>01.Utility\11.ImGui\Define</Filter>
    </ClInclude>
    <ClInclude Include="..\Public\ImGui\imstb_truetype.h">
      <Filter>01.Utility\11.ImGui\Define</Filter>
    </ClInclude>
    <ClInclude Include="..\Public\ImGui\imconfig.h">
      <Filter>01.Utility\11.ImGui\Define</Filter>
    </ClInclude>
    <ClInclude Include="..\Public\ImGui\imgui.h">
      <Filter>01.Utility\11.ImGui\Define</Filter>
    </ClInclude>
    <ClInclude Include="..\Public\ImGui\imgui_impl_dx11.h">
      <Filter>01.Utility\11.ImGui\Define</Filter>
    </ClInclude>
    <ClInclude Include="..\Public\ImGui\imgui_impl_win32.h">
      <Filter>01.Utility\11.ImGui\Define</Filter>
    </ClInclude>
    <ClInclude Include="..\Public\ImGui\imgui_internal.h">
      <Filter>01.Utility\11.ImGui\Define</Filter>
    </ClInclude>
    <ClInclude Include="..\Public\Guizmo\GraphEditor.h">
      <Filter>01.Utility\11.ImGui\Guizmo</Filter>
    </ClInclude>
    <ClInclude Include="..\Public\Guizmo\ImCurveEdit.h">
      <Filter>01.Utility\11.ImGui\Guizmo</Filter>
    </ClInclude>
    <ClInclude Include="..\Public\Guizmo\ImGradient.h">
      <Filter>01.Utility\11.ImGui\Guizmo</Filter>
    </ClInclude>
    <ClInclude Include="..\Public\Guizmo\ImGuizmo.h">
      <Filter>01.Utility\11.ImGui\Guizmo</Filter>
    </ClInclude>
    <ClInclude Include="..\Public\Guizmo\ImSequencer.h">
      <Filter>01.Utility\11.ImGui\Guizmo</Filter>
    </ClInclude>
    <ClInclude Include="..\Public\Guizmo\ImZoomSlider.h">
      <Filter>01.Utility\11.ImGui\Guizmo</Filter>
    </ClInclude>
    <ClInclude Include="..\public\Font_Manager.h">
      <Filter>01.Utility\05.Fonts\Manager</Filter>
    </ClInclude>
    <ClInclude Include="..\public\Font_Face.h">
      <Filter>01.Utility\05.Fonts</Filter>
    </ClInclude>
    <ClInclude Include="..\public\Font_Renderer.h">
      <Filter>01.Utility\05.Fonts</Filter>
    </ClInclude>
    <ClInclude Include="..\Public\BTNode_Defines.h">
      <Filter>01.Utility\95.AI\BehaviorTree\Node\Defines</Filter>
    </ClInclude>
    <ClInclude Include="..\public\SSAO.h">
      <Filter>01.Utility\94.RenderingResources\SSAO</Filter>
    </ClInclude>
    <ClInclude Include="..\Public\Octree.h">
      <Filter>01.Utility\17.Octree</Filter>
    </ClInclude>
    <ClInclude Include="..\Public\BodyDrawFilter.h">
      <Filter>01.Utility\12.Jolt\Filter\BodyDraw</Filter>
    </ClInclude>
    <ClInclude Include="..\public\Blur.h">
      <Filter>01.Utility\94.RenderingResources\Blur</Filter>
    </ClInclude>
    <ClInclude Include="..\public\Fog.h">
      <Filter>01.Utility\94.RenderingResources\Fog</Filter>
    </ClInclude>
    <ClInclude Include="..\Public\SequenceAdapter.h">
      <Filter>01.Utility\11.ImGui\Adapter</Filter>
    </ClInclude>
    <ClInclude Include="..\Public\Sequence_Manager.h">
      <Filter>01.Utility\93.Sequence\Manager</Filter>
    </ClInclude>
    <ClInclude Include="..\public\Engine_Sequence.h">
      <Filter>99.Defines</Filter>
    </ClInclude>
    <ClInclude Include="..\public\Sequence_Interface.h">
      <Filter>01.Utility\93.Sequence\Interface</Filter>
    </ClInclude>
    <ClInclude Include="..\Public\InterruptibleSelector_Node.h">
      <Filter>01.Utility\95.AI\BehaviorTree\Node\Composite\Interrupt</Filter>
    </ClInclude>
    <ClInclude Include="..\public\Vignette.h">
      <Filter>01.Utility\94.RenderingResources\Vignette</Filter>
    </ClInclude>
    <ClInclude Include="..\public\Decal.h">
      <Filter>01.Utility\18.Decal</Filter>
    </ClInclude>
    <ClInclude Include="..\Public\VIBuffer_QuadTrail.h">
      <Filter>01.Utility\03.Component\VIBuffer\Trail\VIBuffer_QuadTrail</Filter>
    </ClInclude>
    <ClInclude Include="..\Public\VIBuffer_LineTrail.h">
      <Filter>01.Utility\03.Component\VIBuffer\Trail\VIBuffer_LineTrail</Filter>
    </ClInclude>
    <ClInclude Include="..\public\Decal_Manager.h">
      <Filter>01.Utility\18.Decal\Manager</Filter>
    </ClInclude>
    <ClInclude Include="..\Public\BoneChainPhysic.h">
      <Filter>01.Utility\20.BoneChainPhysic</Filter>
    </ClInclude>
    <ClInclude Include="..\Public\BoneTreePBD.h">
      <Filter>01.Utility\20.BoneChainPhysic</Filter>
    </ClInclude>
    <ClInclude Include="..\Public\XPBD.h">
      <Filter>01.Utility\21.XPBD</Filter>
    </ClInclude>
    <ClInclude Include="..\Public\Effect_Element.h">
      <Filter>01.Utility\02.GameObject\Effect\Prefab\Effect_Element</Filter>
    </ClInclude>
    <ClInclude Include="..\Public\Prefab.h">
      <Filter>01.Utility\02.GameObject\Effect\Prefab</Filter>
    </ClInclude>
    <ClInclude Include="..\Public\Effect_Manager.h">
      <Filter>01.Utility\02.GameObject\Effect\Manager</Filter>
    </ClInclude>
    <ClInclude Include="..\Public\DeferredShader.h">
      <Filter>01.Utility\03.Component\DeferredShader</Filter>
    </ClInclude>
    <ClInclude Include="..\Public\Distortion.h">
      <Filter>01.Utility\94.RenderingResources\Distortion</Filter>
    </ClInclude>
  </ItemGroup>
  <ItemGroup>
    <None Include="..\Bin\ShaderFiles\Engine_Shader_Defines.hlsli">
      <Filter>95.ShaderFiles</Filter>
    </None>
    <None Include="..\Bin\ShaderFiles\Engine_Shader_Function.hlsli">
      <Filter>95.ShaderFiles</Filter>
    </None>
  </ItemGroup>
  <ItemGroup>
    <FxCompile Include="..\Bin\ShaderFiles\Engine_Shader_Cell.hlsl">
      <Filter>95.ShaderFiles</Filter>
    </FxCompile>
    <FxCompile Include="..\Bin\ShaderFiles\Engine_Shader_Deferred.hlsl">
      <Filter>95.ShaderFiles</Filter>
    </FxCompile>
    <FxCompile Include="..\Bin\ShaderFiles\Engine_Shader_Point_Instance_Compute.hlsl">
      <Filter>95.ShaderFiles</Filter>
    </FxCompile>
    <FxCompile Include="..\Bin\ShaderFiles\Engine_Shader_Model_Instance_Compute.hlsl">
      <Filter>95.ShaderFiles</Filter>
    </FxCompile>
    <FxCompile Include="..\Bin\ShaderFiles\Engine_Shader_Decal.hlsl">
      <Filter>95.ShaderFiles</Filter>
    </FxCompile>
  </ItemGroup>
</Project>