<?xml version="1.0" encoding="utf-8"?>
<Project ToolsVersion="4.0" xmlns="http://schemas.microsoft.com/developer/msbuild/2003">
  <ItemGroup>
    <Filter Include="99.Defines">
      <UniqueIdentifier>{7aa2cf62-6ed3-40ac-8805-9ee09729bdbb}</UniqueIdentifier>
    </Filter>
    <Filter Include="98.Default">
      <UniqueIdentifier>{6d5ec687-677b-4977-bb88-b7f9efcaa511}</UniqueIdentifier>
    </Filter>
    <Filter Include="00.MainApp">
      <UniqueIdentifier>{c63a6ee7-b489-4d81-aba4-7ddf5b8337ce}</UniqueIdentifier>
    </Filter>
    <Filter Include="01.Levels">
      <UniqueIdentifier>{ccf6878b-78ca-4842-ae64-0a877924ff47}</UniqueIdentifier>
    </Filter>
    <Filter Include="01.Levels\Loading">
      <UniqueIdentifier>{7a99902d-21e3-45e9-8b26-4bd13c2c8d7a}</UniqueIdentifier>
    </Filter>
    <Filter Include="01.Levels\Loading\Loader">
      <UniqueIdentifier>{2791bcc1-bc3d-498f-8eca-63a1bae0259d}</UniqueIdentifier>
    </Filter>
    <Filter Include="02.GameObject">
      <UniqueIdentifier>{85081ef4-12c5-4457-a79f-32e32125ccd1}</UniqueIdentifier>
    </Filter>
    <Filter Include="02.GameObject\Camera">
      <UniqueIdentifier>{f9843780-ed78-4a57-a371-0bf344a9f3f9}</UniqueIdentifier>
    </Filter>
    <Filter Include="02.GameObject\Camera\Free">
      <UniqueIdentifier>{24b806b6-a66f-4fda-8f86-c26c22fec57b}</UniqueIdentifier>
    </Filter>
    <Filter Include="97.ShaderFiles">
      <UniqueIdentifier>{31da86f9-f942-4f62-8651-987f45a63472}</UniqueIdentifier>
    </Filter>
    <Filter Include="96.pch">
      <UniqueIdentifier>{8449da29-2176-4b0c-9e4e-be50fb0732b0}</UniqueIdentifier>
    </Filter>
    <Filter Include="01.Levels\Title">
      <UniqueIdentifier>{3b48192d-e33f-4d1d-b0c2-1a87fd3b50f8}</UniqueIdentifier>
    </Filter>
    <Filter Include="02.GameObject\Player">
      <UniqueIdentifier>{2fafdf7c-7e26-40c0-9c7e-200ecb984707}</UniqueIdentifier>
    </Filter>
    <Filter Include="02.GameObject\Player\Body">
      <UniqueIdentifier>{a0a922f9-093f-4157-9af1-6e30e243bd72}</UniqueIdentifier>
    </Filter>
    <Filter Include="01.Levels\Stage1">
      <UniqueIdentifier>{4230c53b-dd46-4d38-8626-e6d9f39edccc}</UniqueIdentifier>
    </Filter>
    <Filter Include="02.GameObject\Sky">
      <UniqueIdentifier>{87c7892c-d671-42e9-b93c-994ee103ddde}</UniqueIdentifier>
    </Filter>
    <Filter Include="02.GameObject\Terrain">
      <UniqueIdentifier>{7082a03d-8466-4726-b256-cb8c528d4e44}</UniqueIdentifier>
    </Filter>
    <Filter Include="02.GameObject\Monster">
      <UniqueIdentifier>{f663abf4-dee0-497f-bd4b-b6469c804f8a}</UniqueIdentifier>
    </Filter>
    <Filter Include="02.GameObject\JOH Test">
      <UniqueIdentifier>{79049abe-c286-42e6-98b0-a98c711d0409}</UniqueIdentifier>
    </Filter>
    <Filter Include="02.GameObject\Pool">
      <UniqueIdentifier>{bee2ead6-daf6-4408-8038-aab3a62c7fa2}</UniqueIdentifier>
    </Filter>
    <Filter Include="02.GameObject\Pool\Dummy">
      <UniqueIdentifier>{6e103e38-a2d6-4217-aff0-d6c4a31102c1}</UniqueIdentifier>
    </Filter>
    <Filter Include="02.GameObject\MapObject">
      <UniqueIdentifier>{d0a49871-c562-494c-8f06-0484c2365f54}</UniqueIdentifier>
    </Filter>
    <Filter Include="02.GameObject\MapObject\00.Prop">
      <UniqueIdentifier>{1cfff3ac-6659-4304-a933-0dd29de33235}</UniqueIdentifier>
    </Filter>
    <Filter Include="02.GameObject\MapObject\00.Prop\00.Object">
      <UniqueIdentifier>{02e66005-10a9-4448-8c68-8a59d69853cf}</UniqueIdentifier>
    </Filter>
    <Filter Include="02.GameObject\MapObject\00.Prop\01.Static">
      <UniqueIdentifier>{96a780a7-4c8c-4cc3-8a38-7fc9717dbf8b}</UniqueIdentifier>
    </Filter>
    <Filter Include="02.GameObject\MapObject\00.Prop\02.Animated">
      <UniqueIdentifier>{0720e62d-6697-4e09-b15e-98b542f160b3}</UniqueIdentifier>
    </Filter>
    <Filter Include="02.GameObject\MapObject\00.Prop\03.Interactive">
      <UniqueIdentifier>{434e87f8-9706-4262-98ef-82dc5c515e49}</UniqueIdentifier>
    </Filter>
    <Filter Include="02.GameObject\MapObject\99.Header">
      <UniqueIdentifier>{c4885ae7-b4f3-4736-82ce-cf10cdbfc9a2}</UniqueIdentifier>
    </Filter>
    <Filter Include="02.GameObject\MapObject\00.Prop\99.Test">
      <UniqueIdentifier>{6cebfa6b-a112-4eee-bb93-809f30e16c2c}</UniqueIdentifier>
    </Filter>
    <Filter Include="95.SuperClass">
      <UniqueIdentifier>{fe0eb4af-82a7-4074-b5d7-a589badbe846}</UniqueIdentifier>
    </Filter>
    <Filter Include="95.SuperClass\UI">
      <UniqueIdentifier>{9ef03780-85dc-46e5-ad98-28a16e1cec36}</UniqueIdentifier>
    </Filter>
    <Filter Include="94. ClientInstance">
      <UniqueIdentifier>{7a63893c-daa7-4abb-bec1-4e58e468f354}</UniqueIdentifier>
    </Filter>
    <Filter Include="94.Manager">
      <UniqueIdentifier>{8bf082ee-9f57-4b74-8252-4c326fc95616}</UniqueIdentifier>
    </Filter>
    <Filter Include="94.Manager\UI">
      <UniqueIdentifier>{1a84dd5b-c59f-474d-8847-7c1b26d43f75}</UniqueIdentifier>
    </Filter>
    <Filter Include="94.Manager\UI\Layer">
      <UniqueIdentifier>{18f4177d-5a3a-4e0a-b041-3f5e4008009c}</UniqueIdentifier>
    </Filter>
    <Filter Include="94.Manager\UI\Atlas_RenderGroup">
      <UniqueIdentifier>{57ad347e-b1e7-4c06-9ec6-ab0fe2033e5c}</UniqueIdentifier>
    </Filter>
    <Filter Include="95.SuperClass\UI\UI_Panel">
      <UniqueIdentifier>{1d758443-e437-494e-ade1-487dd1e7798e}</UniqueIdentifier>
    </Filter>
    <Filter Include="95.SuperClass\UI\UI_Button">
      <UniqueIdentifier>{747be9c8-35a2-4a28-b498-bf30104a31ad}</UniqueIdentifier>
    </Filter>
    <Filter Include="95.SuperClass\UI\UI_Tap">
      <UniqueIdentifier>{1a54812a-265a-40aa-8e80-d8707a500be0}</UniqueIdentifier>
    </Filter>
    <Filter Include="95.SuperClass\UI\UI_Slot">
      <UniqueIdentifier>{3f56c3a2-85b2-47b9-951b-918a85603473}</UniqueIdentifier>
    </Filter>
    <Filter Include="95.SuperClass\UI\UI_ProgressBar">
      <UniqueIdentifier>{2257c2ff-0761-462b-8a92-2012c0dc41ed}</UniqueIdentifier>
    </Filter>
    <Filter Include="95.SuperClass\UI\UI_ScrollBar">
      <UniqueIdentifier>{f77a1634-954f-45de-83ee-a3207dcd9896}</UniqueIdentifier>
    </Filter>
    <Filter Include="02.GameObject\JOH Test\Test Anim Model">
      <UniqueIdentifier>{2a2f2620-f90d-4ad0-80a5-ce65409e5eab}</UniqueIdentifier>
    </Filter>
    <Filter Include="02.GameObject\Camera\Comprehension">
      <UniqueIdentifier>{a4512566-30cc-4793-8f82-d5663d8f2874}</UniqueIdentifier>
    </Filter>
    <Filter Include="02.GameObject\MapObject\00.Prop\04.Dynamic">
      <UniqueIdentifier>{793f3e60-e849-4e56-833a-595a71a59c84}</UniqueIdentifier>
    </Filter>
  </ItemGroup>
  <ItemGroup>
    <ClInclude Include="Client.h">
      <Filter>98.Default</Filter>
    </ClInclude>
    <ClInclude Include="framework.h">
      <Filter>98.Default</Filter>
    </ClInclude>
    <ClInclude Include="Resource.h">
      <Filter>98.Default</Filter>
    </ClInclude>
    <ClInclude Include="targetver.h">
      <Filter>98.Default</Filter>
    </ClInclude>
    <ClInclude Include="..\Public\Client_Defines.h">
      <Filter>99.Defines</Filter>
    </ClInclude>
    <ClInclude Include="..\Public\MainApp.h">
      <Filter>00.MainApp</Filter>
    </ClInclude>
    <ClInclude Include="..\Public\Level_Loading.h">
      <Filter>01.Levels\Loading</Filter>
    </ClInclude>
    <ClInclude Include="..\Public\Level_Title.h">
      <Filter>01.Levels\Title</Filter>
    </ClInclude>
    <ClInclude Include="..\Public\Loader.h">
      <Filter>01.Levels\Loading\Loader</Filter>
    </ClInclude>
    <ClInclude Include="..\public\Camera_Free.h">
      <Filter>02.GameObject\Camera\Free</Filter>
    </ClInclude>
    <ClInclude Include="..\Public\Body_Player.h">
      <Filter>02.GameObject\Player\Body</Filter>
    </ClInclude>
    <ClInclude Include="..\Public\Level_Stage1.h">
      <Filter>01.Levels\Stage1</Filter>
    </ClInclude>
    <ClInclude Include="..\Public\Sky.h">
      <Filter>02.GameObject\Sky</Filter>
    </ClInclude>
    <ClInclude Include="..\Public\Terrain.h">
      <Filter>02.GameObject\Terrain</Filter>
    </ClInclude>
    <ClInclude Include="..\Public\Monster.h">
      <Filter>02.GameObject\Monster</Filter>
    </ClInclude>
    <ClInclude Include="..\Public\JOH_Test1.h">
      <Filter>02.GameObject\JOH Test\Test Anim Model</Filter>
    </ClInclude>
    <ClInclude Include="..\Public\Dummy.h">
      <Filter>02.GameObject\Pool\Dummy</Filter>
    </ClInclude>
    <ClInclude Include="..\Public\Event_Defines.h">
      <Filter>99.Defines</Filter>
    </ClInclude>
    <ClInclude Include="ClientPch.h">
      <Filter>96.pch</Filter>
    </ClInclude>
    <ClInclude Include="..\Public\Player.h">
      <Filter>02.GameObject\Player</Filter>
    </ClInclude>
    <ClInclude Include="..\Public\Prop.h">
      <Filter>02.GameObject\MapObject\00.Prop</Filter>
    </ClInclude>
    <ClInclude Include="..\Public\Prop_Object.h">
      <Filter>02.GameObject\MapObject\00.Prop\00.Object</Filter>
    </ClInclude>
    <ClInclude Include="..\Public\Prop_Animated.h">
      <Filter>02.GameObject\MapObject\00.Prop\02.Animated</Filter>
    </ClInclude>
    <ClInclude Include="..\Public\Prop_Interactive.h">
      <Filter>02.GameObject\MapObject\00.Prop\03.Interactive</Filter>
    </ClInclude>
    <ClInclude Include="..\Public\Prop_Static.h">
      <Filter>02.GameObject\MapObject\00.Prop\01.Static</Filter>
    </ClInclude>
    <ClInclude Include="..\Public\MapObject.h">
      <Filter>02.GameObject\MapObject</Filter>
    </ClInclude>
    <ClInclude Include="..\Public\MapObject_Header.h">
      <Filter>02.GameObject\MapObject\99.Header</Filter>
    </ClInclude>
    <ClInclude Include="..\Public\Prop_Test.h">
      <Filter>02.GameObject\MapObject\00.Prop\99.Test</Filter>
    </ClInclude>
    <ClInclude Include="..\Public\ClientInstance.h">
      <Filter>94. ClientInstance</Filter>
    </ClInclude>
    <ClInclude Include="..\public\UI_Manager.h">
      <Filter>94.Manager\UI</Filter>
    </ClInclude>
    <ClInclude Include="..\public\UI_Layer.h">
      <Filter>94.Manager\UI\Layer</Filter>
    </ClInclude>
    <ClInclude Include="..\public\Atlas_RenderGroup.h">
      <Filter>94.Manager\UI\Atlas_RenderGroup</Filter>
    </ClInclude>
    <ClInclude Include="..\Public\UI_Button.h">
      <Filter>95.SuperClass\UI\UI_Button</Filter>
    </ClInclude>
    <ClInclude Include="..\Public\UI_Panel.h">
      <Filter>95.SuperClass\UI\UI_Panel</Filter>
    </ClInclude>
    <ClInclude Include="..\Public\UI_ProgressBar.h">
      <Filter>95.SuperClass\UI\UI_ProgressBar</Filter>
    </ClInclude>
    <ClInclude Include="..\Public\UI_Tap.h">
      <Filter>95.SuperClass\UI\UI_Tap</Filter>
    </ClInclude>
    <ClInclude Include="..\public\UI_ScrollBar.h">
      <Filter>95.SuperClass\UI\UI_ScrollBar</Filter>
    </ClInclude>
    <ClInclude Include="..\public\UI_Slot.h">
      <Filter>95.SuperClass\UI\UI_Slot</Filter>
    </ClInclude>
    <ClInclude Include="..\Public\Camera_Compre.h">
      <Filter>02.GameObject\Camera\Comprehension</Filter>
    </ClInclude>
    <ClInclude Include="..\Public\Prop_Dynamic.h">
      <Filter>02.GameObject\MapObject\00.Prop\04.Dynamic</Filter>
    </ClInclude>
  </ItemGroup>
  <ItemGroup>
    <Image Include="Client.ico">
      <Filter>98.Default</Filter>
    </Image>
    <Image Include="small.ico">
      <Filter>98.Default</Filter>
    </Image>
  </ItemGroup>
  <ItemGroup>
    <ResourceCompile Include="Client.rc">
      <Filter>98.Default</Filter>
    </ResourceCompile>
  </ItemGroup>
  <ItemGroup>
    <ClCompile Include="Client.cpp">
      <Filter>98.Default</Filter>
    </ClCompile>
    <ClCompile Include="..\Private\MainApp.cpp">
      <Filter>00.MainApp</Filter>
    </ClCompile>
    <ClCompile Include="..\Private\Level_Loading.cpp">
      <Filter>01.Levels\Loading</Filter>
    </ClCompile>
    <ClCompile Include="..\Private\Level_Title.cpp">
      <Filter>01.Levels\Title</Filter>
    </ClCompile>
    <ClCompile Include="..\Private\Loader.cpp">
      <Filter>01.Levels\Loading\Loader</Filter>
    </ClCompile>
    <ClCompile Include="..\private\Camera_Free.cpp">
      <Filter>02.GameObject\Camera\Free</Filter>
    </ClCompile>
    <ClCompile Include="..\Private\Player.cpp">
      <Filter>02.GameObject\Player</Filter>
    </ClCompile>
    <ClCompile Include="..\Private\Body_Player.cpp">
      <Filter>02.GameObject\Player\Body</Filter>
    </ClCompile>
    <ClCompile Include="..\Private\Level_Stage1.cpp">
      <Filter>01.Levels\Stage1</Filter>
    </ClCompile>
    <ClCompile Include="..\Private\Sky.cpp">
      <Filter>02.GameObject\Sky</Filter>
    </ClCompile>
    <ClCompile Include="..\Private\Terrain.cpp">
      <Filter>02.GameObject\Terrain</Filter>
    </ClCompile>
    <ClCompile Include="..\Private\Monster.cpp">
      <Filter>02.GameObject\Monster</Filter>
    </ClCompile>
    <ClCompile Include="..\Private\JOH_Test1.cpp">
      <Filter>02.GameObject\JOH Test\Test Anim Model</Filter>
    </ClCompile>
    <ClCompile Include="..\Private\Dummy.cpp">
      <Filter>02.GameObject\Pool\Dummy</Filter>
    </ClCompile>
    <ClCompile Include="ClientPch.cpp">
      <Filter>96.pch</Filter>
    </ClCompile>
    <ClCompile Include="..\Private\Prop.cpp">
      <Filter>02.GameObject\MapObject\00.Prop</Filter>
    </ClCompile>
    <ClCompile Include="..\Private\Prop_Object.cpp">
      <Filter>02.GameObject\MapObject\00.Prop\00.Object</Filter>
    </ClCompile>
    <ClCompile Include="..\Private\Prop_Animated.cpp">
      <Filter>02.GameObject\MapObject\00.Prop\02.Animated</Filter>
    </ClCompile>
    <ClCompile Include="..\Private\Prop_Interactive.cpp">
      <Filter>02.GameObject\MapObject\00.Prop\03.Interactive</Filter>
    </ClCompile>
    <ClCompile Include="..\Private\Prop_Static.cpp">
      <Filter>02.GameObject\MapObject\00.Prop\01.Static</Filter>
    </ClCompile>
    <ClCompile Include="..\Private\MapObject.cpp">
      <Filter>02.GameObject\MapObject</Filter>
    </ClCompile>
    <ClCompile Include="..\Private\Prop_Test.cpp">
      <Filter>02.GameObject\MapObject\00.Prop\99.Test</Filter>
    </ClCompile>
    <ClCompile Include="..\Private\ClientInstance.cpp">
      <Filter>94. ClientInstance</Filter>
    </ClCompile>
    <ClCompile Include="..\private\UI_Manager.cpp">
      <Filter>94.Manager\UI</Filter>
    </ClCompile>
    <ClCompile Include="..\private\UI_Layer.cpp">
      <Filter>94.Manager\UI\Layer</Filter>
    </ClCompile>
    <ClCompile Include="..\private\Atlas_RenderGroup.cpp">
      <Filter>94.Manager\UI\Atlas_RenderGroup</Filter>
    </ClCompile>
    <ClCompile Include="..\Private\UI_Button.cpp">
      <Filter>95.SuperClass\UI\UI_Button</Filter>
    </ClCompile>
    <ClCompile Include="..\Private\UI_Panel.cpp">
      <Filter>95.SuperClass\UI\UI_Panel</Filter>
    </ClCompile>
    <ClCompile Include="..\Private\UI_ProgressBar.cpp">
      <Filter>95.SuperClass\UI\UI_ProgressBar</Filter>
    </ClCompile>
    <ClCompile Include="..\Private\UI_Tap.cpp">
      <Filter>95.SuperClass\UI\UI_Tap</Filter>
    </ClCompile>
    <ClCompile Include="..\private\UI_ScrollBar.cpp">
      <Filter>95.SuperClass\UI\UI_ScrollBar</Filter>
    </ClCompile>
    <ClCompile Include="..\private\UI_Slot.cpp">
      <Filter>95.SuperClass\UI\UI_Slot</Filter>
    </ClCompile>
    <ClCompile Include="..\Private\Camera_Compre.cpp">
      <Filter>02.GameObject\Camera\Comprehension</Filter>
    </ClCompile>
    <ClCompile Include="..\Private\Prop_Dynamic.cpp">
      <Filter>02.GameObject\MapObject\00.Prop\04.Dynamic</Filter>
    </ClCompile>
  </ItemGroup>
  <ItemGroup>
    <FxCompile Include="..\Bin\ShaderFiles\Shader_VtxNorTex.hlsl">
      <Filter>97.ShaderFiles</Filter>
    </FxCompile>
    <FxCompile Include="..\Bin\ShaderFiles\Shader_VtxPosTex.hlsl">
      <Filter>97.ShaderFiles</Filter>
    </FxCompile>
    <FxCompile Include="..\Bin\ShaderFiles\Shader_VtxMesh.hlsl">
      <Filter>97.ShaderFiles</Filter>
    </FxCompile>
    <FxCompile Include="..\Bin\ShaderFiles\Shader_VtxAnimMesh.hlsl">
      <Filter>97.ShaderFiles</Filter>
    </FxCompile>
    <FxCompile Include="..\Bin\ShaderFiles\Shader_VtxCube.hlsl">
      <Filter>97.ShaderFiles</Filter>
    </FxCompile>
    <FxCompile Include="..\Bin\ShaderFiles\Shader_VtxInstance_PointParticle.hlsl">
      <Filter>97.ShaderFiles</Filter>
    </FxCompile>
    <FxCompile Include="..\Bin\ShaderFiles\Shader_MeshInstance.hlsl">
      <Filter>97.ShaderFiles</Filter>
    </FxCompile>
    <FxCompile Include="..\Bin\ShaderFiles\Shader_ModelMeshInstance.hlsl">
      <Filter>97.ShaderFiles</Filter>
    </FxCompile>
    <FxCompile Include="..\Bin\ShaderFiles\Shader_VtxInstance_Particle.hlsl">
      <Filter>97.ShaderFiles</Filter>
    </FxCompile>
    <FxCompile Include="..\Bin\ShaderFiles\Shader_VtxInstance_Point_UI.hlsl">
      <Filter>97.ShaderFiles</Filter>
    </FxCompile>
    <FxCompile Include="..\Bin\ShaderFiles\Shader_VtxPosTex_UI.hlsl">
      <Filter>97.ShaderFiles</Filter>
    </FxCompile>
    <FxCompile Include="..\Bin\ShaderFiles\Shader_VtxPosSpriteTex.hlsl">
      <Filter>97.ShaderFiles</Filter>
    </FxCompile>
  </ItemGroup>
</Project>