<?xml version="1.0" encoding="utf-8"?>
<Project ToolsVersion="4.0" xmlns="http://schemas.microsoft.com/developer/msbuild/2003">
  <ItemGroup>
    <Filter Include="99.Defines">
      <UniqueIdentifier>{d0be0b1e-d9f8-408e-97e9-7c5d17b12003}</UniqueIdentifier>
    </Filter>
    <Filter Include="98.Default">
      <UniqueIdentifier>{5bc70d1d-ab92-4ca9-99e3-4fd3c257ffda}</UniqueIdentifier>
    </Filter>
    <Filter Include="97.pch">
      <UniqueIdentifier>{d2de40c1-a581-4dea-b78d-7052452ecace}</UniqueIdentifier>
    </Filter>
    <Filter Include="00.MainApp">
      <UniqueIdentifier>{50f27118-9061-40af-b555-6b293d066f08}</UniqueIdentifier>
    </Filter>
    <Filter Include="01.Levels">
      <UniqueIdentifier>{6b4be541-bff6-4daf-afb8-6bf0878cecd8}</UniqueIdentifier>
    </Filter>
    <Filter Include="02.GameObject">
      <UniqueIdentifier>{fd49ad09-699f-483b-b1e0-73a229d0fa8f}</UniqueIdentifier>
    </Filter>
    <Filter Include="01.Levels\Loading">
      <UniqueIdentifier>{ea34701f-71c4-41cd-abf6-e88bf1fe856f}</UniqueIdentifier>
    </Filter>
    <Filter Include="01.Levels\Editor">
      <UniqueIdentifier>{4341f07d-cda5-4642-8e2f-a0ea9833dda0}</UniqueIdentifier>
    </Filter>
    <Filter Include="01.Levels\Loading\Loader">
      <UniqueIdentifier>{0d5a345c-2601-483f-b8a3-0e1c2812da63}</UniqueIdentifier>
    </Filter>
    <Filter Include="01.Levels\Map">
      <UniqueIdentifier>{218421f6-e6c4-438d-8352-5cc04b731f41}</UniqueIdentifier>
    </Filter>
    <Filter Include="01.Levels\Animaion">
      <UniqueIdentifier>{847d5f1b-3b70-4065-a997-cf6a69175996}</UniqueIdentifier>
    </Filter>
    <Filter Include="01.Levels\Effect">
      <UniqueIdentifier>{324d42db-5584-4fe9-ab17-3425f37b4103}</UniqueIdentifier>
    </Filter>
    <Filter Include="01.Levels\UI">
      <UniqueIdentifier>{0827b30f-22d4-4821-8a1a-41dfbb4129c9}</UniqueIdentifier>
    </Filter>
    <Filter Include="02.GameObject\Effect">
      <UniqueIdentifier>{d433a194-b6ad-4b74-abce-fb441b9e4f20}</UniqueIdentifier>
    </Filter>
    <Filter Include="02.GameObject\Effect\ParticleSystem">
      <UniqueIdentifier>{9da261d6-4701-4ff4-8de9-4355c2f51be7}</UniqueIdentifier>
    </Filter>
    <Filter Include="02.GameObject\Effect\ParticleSystem\ParticleEmitter">
      <UniqueIdentifier>{ba2ee6f1-2a5f-4830-8ccf-6ffd577640f3}</UniqueIdentifier>
    </Filter>
  </ItemGroup>
  <ItemGroup>
    <ClInclude Include="Editor.h">
      <Filter>98.Default</Filter>
    </ClInclude>
    <ClInclude Include="framework.h">
      <Filter>98.Default</Filter>
    </ClInclude>
    <ClInclude Include="Resource.h">
      <Filter>98.Default</Filter>
    </ClInclude>
    <ClInclude Include="targetver.h">
      <Filter>98.Default</Filter>
    </ClInclude>
    <ClInclude Include="..\Public\MainApp.h">
      <Filter>00.MainApp</Filter>
    </ClInclude>
    <ClInclude Include="..\Public\Editor_Defines.h">
      <Filter>99.Defines</Filter>
    </ClInclude>
    <ClInclude Include="..\Public\Level_Loading.h">
      <Filter>01.Levels\Loading</Filter>
    </ClInclude>
    <ClInclude Include="..\Public\Loader.h">
      <Filter>01.Levels\Loading\Loader</Filter>
    </ClInclude>
    <ClInclude Include="..\Public\Level_Editor.h">
      <Filter>01.Levels\Editor</Filter>
    </ClInclude>
    <ClInclude Include="..\Public\Level_Animation.h">
      <Filter>01.Levels\Animaion</Filter>
    </ClInclude>
    <ClInclude Include="..\Public\Level_Effect.h">
      <Filter>01.Levels\Effect</Filter>
    </ClInclude>
    <ClInclude Include="..\Public\Level_Map.h">
      <Filter>01.Levels\Map</Filter>
    </ClInclude>
    <ClInclude Include="..\Public\Level_UI.h">
      <Filter>01.Levels\UI</Filter>
    </ClInclude>
    <ClInclude Include="..\public\ParticleSystem.h">
      <Filter>02.GameObject\Effect\ParticleSystem</Filter>
    </ClInclude>
    <ClInclude Include="..\public\ParticleEmitter.h">
      <Filter>02.GameObject\Effect\ParticleSystem\ParticleEmitter</Filter>
    </ClInclude>
    <ClInclude Include="EditorPch.h">
      <Filter>97.pch</Filter>
    </ClInclude>
  </ItemGroup>
  <ItemGroup>
    <Image Include="Editor.ico">
      <Filter>98.Default</Filter>
    </Image>
    <Image Include="small.ico">
      <Filter>98.Default</Filter>
    </Image>
  </ItemGroup>
  <ItemGroup>
    <ResourceCompile Include="Editor.rc">
      <Filter>98.Default</Filter>
    </ResourceCompile>
  </ItemGroup>
  <ItemGroup>
    <ClCompile Include="Editor.cpp">
      <Filter>98.Default</Filter>
    </ClCompile>
    <ClCompile Include="..\Private\MainApp.cpp">
      <Filter>00.MainApp</Filter>
    </ClCompile>
    <ClCompile Include="..\Private\Level_Loading.cpp">
      <Filter>01.Levels\Loading</Filter>
    </ClCompile>
    <ClCompile Include="..\Private\Loader.cpp">
      <Filter>01.Levels\Loading\Loader</Filter>
    </ClCompile>
    <ClCompile Include="..\Private\Level_Editor.cpp">
      <Filter>01.Levels\Editor</Filter>
    </ClCompile>
    <ClCompile Include="..\Private\Level_Animation.cpp">
      <Filter>01.Levels\Animaion</Filter>
    </ClCompile>
    <ClCompile Include="..\Private\Level_Effect.cpp">
      <Filter>01.Levels\Effect</Filter>
    </ClCompile>
    <ClCompile Include="..\Private\Level_Map.cpp">
      <Filter>01.Levels\Map</Filter>
    </ClCompile>
    <ClCompile Include="..\Private\Level_UI.cpp">
      <Filter>01.Levels\UI</Filter>
    </ClCompile>
    <ClCompile Include="..\private\ParticleSystem.cpp">
      <Filter>02.GameObject\Effect\ParticleSystem</Filter>
    </ClCompile>
    <ClCompile Include="..\private\ParticleEmitter.cpp">
      <Filter>02.GameObject\Effect\ParticleSystem\ParticleEmitter</Filter>
    </ClCompile>
    <ClCompile Include="EditorPch.cpp">
      <Filter>97.pch</Filter>
    </ClCompile>
  </ItemGroup>
</Project>