<?xml version="1.0" encoding="utf-8"?>
<Project ToolsVersion="4.0" xmlns="http://schemas.microsoft.com/developer/msbuild/2003">
  <ItemGroup>
    <Filter Include="99.Defines">
      <UniqueIdentifier>{d0be0b1e-d9f8-408e-97e9-7c5d17b12003}</UniqueIdentifier>
    </Filter>
    <Filter Include="98.Default">
      <UniqueIdentifier>{5bc70d1d-ab92-4ca9-99e3-4fd3c257ffda}</UniqueIdentifier>
    </Filter>
    <Filter Include="97.pch">
      <UniqueIdentifier>{d2de40c1-a581-4dea-b78d-7052452ecace}</UniqueIdentifier>
    </Filter>
    <Filter Include="00.MainApp">
      <UniqueIdentifier>{50f27118-9061-40af-b555-6b293d066f08}</UniqueIdentifier>
    </Filter>
    <Filter Include="01.Levels">
      <UniqueIdentifier>{6b4be541-bff6-4daf-afb8-6bf0878cecd8}</UniqueIdentifier>
    </Filter>
    <Filter Include="02.GameObject">
      <UniqueIdentifier>{fd49ad09-699f-483b-b1e0-73a229d0fa8f}</UniqueIdentifier>
    </Filter>
    <Filter Include="01.Levels\Loading">
      <UniqueIdentifier>{ea34701f-71c4-41cd-abf6-e88bf1fe856f}</UniqueIdentifier>
    </Filter>
    <Filter Include="01.Levels\Editor">
      <UniqueIdentifier>{4341f07d-cda5-4642-8e2f-a0ea9833dda0}</UniqueIdentifier>
    </Filter>
    <Filter Include="01.Levels\Loading\Loader">
      <UniqueIdentifier>{0d5a345c-2601-483f-b8a3-0e1c2812da63}</UniqueIdentifier>
    </Filter>
    <Filter Include="01.Levels\Map">
      <UniqueIdentifier>{218421f6-e6c4-438d-8352-5cc04b731f41}</UniqueIdentifier>
    </Filter>
    <Filter Include="01.Levels\Animaion">
      <UniqueIdentifier>{847d5f1b-3b70-4065-a997-cf6a69175996}</UniqueIdentifier>
    </Filter>
    <Filter Include="01.Levels\Effect">
      <UniqueIdentifier>{324d42db-5584-4fe9-ab17-3425f37b4103}</UniqueIdentifier>
    </Filter>
    <Filter Include="01.Levels\UI">
      <UniqueIdentifier>{0827b30f-22d4-4821-8a1a-41dfbb4129c9}</UniqueIdentifier>
    </Filter>
    <Filter Include="02.GameObject\Effect">
      <UniqueIdentifier>{d433a194-b6ad-4b74-abce-fb441b9e4f20}</UniqueIdentifier>
    </Filter>
    <Filter Include="03.Utility">
      <UniqueIdentifier>{8af11899-cd8c-4c1c-9e9c-0e1c7815e687}</UniqueIdentifier>
    </Filter>
    <Filter Include="03.Utility\00.Model">
      <UniqueIdentifier>{f8290d34-b690-4a76-a627-22800eebfcb3}</UniqueIdentifier>
    </Filter>
    <Filter Include="03.Utility\00.Model\Mesh">
      <UniqueIdentifier>{3d2e8d7a-8f71-4dfd-a290-cd57167ad382}</UniqueIdentifier>
    </Filter>
    <Filter Include="03.Utility\00.Model\Material">
      <UniqueIdentifier>{97bc533d-459d-4a8d-9729-a3aaa5ea6321}</UniqueIdentifier>
    </Filter>
    <Filter Include="03.Utility\00.Model\Bone">
      <UniqueIdentifier>{1993a2a4-ffd2-400b-853f-87d8dd52bd42}</UniqueIdentifier>
    </Filter>
    <Filter Include="03.Utility\00.Model\Animation">
      <UniqueIdentifier>{3cb67361-25cb-4c61-be4d-de9667c4a984}</UniqueIdentifier>
    </Filter>
    <Filter Include="03.Utility\00.Model\Animation\Channel">
      <UniqueIdentifier>{01695c3e-bb05-486c-abe9-841d6a03417f}</UniqueIdentifier>
    </Filter>
    <Filter Include="02.GameObject\Animation">
      <UniqueIdentifier>{e1a4d636-4d3d-4832-addd-a3350a40898b}</UniqueIdentifier>
    </Filter>
    <Filter Include="02.GameObject\Animation\99.Test Model">
      <UniqueIdentifier>{176dafb7-64ef-446d-9e9b-d912ec4436c2}</UniqueIdentifier>
    </Filter>
    <Filter Include="02.GameObject\MapObject">
      <UniqueIdentifier>{075ffa50-4648-46d7-8809-549850f8d418}</UniqueIdentifier>
    </Filter>
    <Filter Include="02.GameObject\MapObject\Prop">
      <UniqueIdentifier>{7b6dad04-350e-4d24-bf0a-c068d78f35d2}</UniqueIdentifier>
    </Filter>
    <Filter Include="01.Levels\Map\Header">
      <UniqueIdentifier>{5e903afb-5ae0-44e4-a388-6f6c034a1f9c}</UniqueIdentifier>
    </Filter>
    <Filter Include="02.GameObject\MapObject\Camera">
      <UniqueIdentifier>{204d72f1-296c-4b94-ade6-47085c5a8ef9}</UniqueIdentifier>
    </Filter>
    <Filter Include="02.GameObject\Animation\98.Temp Camera">
      <UniqueIdentifier>{6219a60c-d70b-437e-ab90-77b6097d02bb}</UniqueIdentifier>
    </Filter>
    <Filter Include="02.GameObject\UI">
      <UniqueIdentifier>{bb5dba1f-c3b3-40d9-89e6-690cab87d409}</UniqueIdentifier>
    </Filter>
    <Filter Include="03.Utility\00.Model\Model_Instance">
      <UniqueIdentifier>{9eb5cf18-0fa7-4e8d-8cb0-24ca18f5cc48}</UniqueIdentifier>
    </Filter>
    <Filter Include="03.Utility\00.Model\Model_Instance\Mesh">
      <UniqueIdentifier>{2d0c3b35-7725-4676-8466-84104fa198df}</UniqueIdentifier>
    </Filter>
    <Filter Include="02.GameObject\MapObject\Map_Terrain">
      <UniqueIdentifier>{0b49104a-5252-4909-9887-78adc1dd0a3d}</UniqueIdentifier>
    </Filter>
    <Filter Include="02.GameObject\MapObject\Prop\01.Static">
      <UniqueIdentifier>{d6e4346f-5e62-4072-b95a-6ca52ffe1423}</UniqueIdentifier>
    </Filter>
    <Filter Include="02.GameObject\MapObject\Prop\02.Animated">
      <UniqueIdentifier>{3e57a2ee-d5f1-4f9b-98be-a3172b0aa61f}</UniqueIdentifier>
    </Filter>
    <Filter Include="02.GameObject\MapObject\Prop\03.Interactive">
      <UniqueIdentifier>{01fa6e41-9a0b-49f9-beb2-94bb1b33d21c}</UniqueIdentifier>
    </Filter>
    <Filter Include="02.GameObject\MapObject\Prop\00.Object">
      <UniqueIdentifier>{bec6786b-1289-42dc-b5b7-86382507e079}</UniqueIdentifier>
    </Filter>
    <Filter Include="01.Levels\Shader">
      <UniqueIdentifier>{a549f4c0-e8c1-476c-9791-1cd9bb77ed65}</UniqueIdentifier>
    </Filter>
    <Filter Include="02.GameObject\Animation\00.Tool">
      <UniqueIdentifier>{4e0957cc-3379-4f01-8418-eb13b3a25d11}</UniqueIdentifier>
    </Filter>
    <Filter Include="02.GameObject\MapObject\Prop\99.Test">
      <UniqueIdentifier>{8d549d97-64bc-4532-b39f-57afcbe1b890}</UniqueIdentifier>
    </Filter>
    <Filter Include="02.GameObject\UI\UIObject">
      <UniqueIdentifier>{ae99f8d7-25ec-468b-ae68-1f418b765720}</UniqueIdentifier>
    </Filter>
    <Filter Include="02.GameObject\UI\UIObject\Edit_UIBase">
      <UniqueIdentifier>{eccd855e-251f-4aa4-8664-e62a1a78fbb0}</UniqueIdentifier>
    </Filter>
    <Filter Include="02.GameObject\UI\UIObject\Edit_UI_BackGround">
      <UniqueIdentifier>{8d7aefd8-cecd-4523-9c0c-54e03365f10b}</UniqueIdentifier>
    </Filter>
    <Filter Include="02.GameObject\UI\UIObject\Edit_Interface_UI">
      <UniqueIdentifier>{c2874f68-5968-4ffe-a9ee-ed6978d80911}</UniqueIdentifier>
    </Filter>
    <Filter Include="96.ShaderFiles">
      <UniqueIdentifier>{02932267-8bb3-4b5a-89a9-63274f4f484e}</UniqueIdentifier>
    </Filter>
    <Filter Include="02.GameObject\Effect\Effect_Prefab">
      <UniqueIdentifier>{a38f577c-e541-4184-89f1-841bf12cc6b7}</UniqueIdentifier>
    </Filter>
    <Filter Include="02.GameObject\Effect\Effect_Prefab\Effect_Element">
      <UniqueIdentifier>{30fa168a-dc2c-42a1-8d51-a24135657190}</UniqueIdentifier>
    </Filter>
    <Filter Include="02.GameObject\Effect\Effect_Prefab\Effect_Element\Effect_Mesh_Instance">
      <UniqueIdentifier>{135bad33-cab5-41ae-8e98-9d7c864a932d}</UniqueIdentifier>
    </Filter>
    <Filter Include="02.GameObject\Effect\Effect_Prefab\Effect_Element\Effect_Point_Instance">
      <UniqueIdentifier>{d1137416-3acf-4abb-98cb-c18a7e984b53}</UniqueIdentifier>
    </Filter>
    <Filter Include="02.GameObject\Shader">
      <UniqueIdentifier>{b98c614c-025a-41eb-a67a-7f8bc46825fc}</UniqueIdentifier>
    </Filter>
    <Filter Include="02.GameObject\Shader\Camera">
      <UniqueIdentifier>{73507ee3-ca91-4db0-bb47-9b7b03480d0a}</UniqueIdentifier>
    </Filter>
    <Filter Include="02.GameObject\Shader\Terrain">
      <UniqueIdentifier>{81b63c04-fa83-4a3a-96f5-b9f89191f19d}</UniqueIdentifier>
    </Filter>
    <Filter Include="02.GameObject\Effect\Camera">
      <UniqueIdentifier>{7d233cc1-7a34-471a-af71-d26921cf9cc4}</UniqueIdentifier>
    </Filter>
    <Filter Include="02.GameObject\Effect\Terrain">
      <UniqueIdentifier>{2471b629-34a2-4ea1-9a72-0a4b0cebb5d9}</UniqueIdentifier>
    </Filter>
    <Filter Include="02.GameObject\MapObject\Prop\98.Export">
      <UniqueIdentifier>{c9c828e3-489d-4584-850d-ef3ebe71f812}</UniqueIdentifier>
    </Filter>
    <Filter Include="02.GameObject\MapObject\Prop\04.Dynamic">
      <UniqueIdentifier>{b894b6f2-b4eb-404c-a0ab-abc15884b661}</UniqueIdentifier>
    </Filter>
    <Filter Include="02.GameObject\Effect\Effect_Prefab\Effect_Element\Effect_Sprite">
      <UniqueIdentifier>{4bce57e8-b335-4b18-86b0-70fd515a5461}</UniqueIdentifier>
    </Filter>
    <Filter Include="02.GameObject\UI\Camera">
      <UniqueIdentifier>{fe38b2f3-d49f-4cfe-8f49-120fba3d8e6b}</UniqueIdentifier>
    </Filter>
    <Filter Include="02.GameObject\Shader\Player">
      <UniqueIdentifier>{b9c07b19-01a4-4a39-988f-659175d6709c}</UniqueIdentifier>
    </Filter>
    <Filter Include="02.GameObject\MapObject\Test">
      <UniqueIdentifier>{e0b884a2-65ea-4277-996f-ccd58319de93}</UniqueIdentifier>
    </Filter>
  </ItemGroup>
  <ItemGroup>
    <ClInclude Include="Editor.h">
      <Filter>98.Default</Filter>
    </ClInclude>
    <ClInclude Include="framework.h">
      <Filter>98.Default</Filter>
    </ClInclude>
    <ClInclude Include="Resource.h">
      <Filter>98.Default</Filter>
    </ClInclude>
    <ClInclude Include="targetver.h">
      <Filter>98.Default</Filter>
    </ClInclude>
    <ClInclude Include="..\Public\MainApp.h">
      <Filter>00.MainApp</Filter>
    </ClInclude>
    <ClInclude Include="..\Public\Editor_Defines.h">
      <Filter>99.Defines</Filter>
    </ClInclude>
    <ClInclude Include="..\Public\Level_Loading.h">
      <Filter>01.Levels\Loading</Filter>
    </ClInclude>
    <ClInclude Include="..\Public\Loader.h">
      <Filter>01.Levels\Loading\Loader</Filter>
    </ClInclude>
    <ClInclude Include="..\Public\Level_Editor.h">
      <Filter>01.Levels\Editor</Filter>
    </ClInclude>
    <ClInclude Include="..\Public\Level_Animation.h">
      <Filter>01.Levels\Animaion</Filter>
    </ClInclude>
    <ClInclude Include="..\Public\Level_Effect.h">
      <Filter>01.Levels\Effect</Filter>
    </ClInclude>
    <ClInclude Include="..\Public\Level_Map.h">
      <Filter>01.Levels\Map</Filter>
    </ClInclude>
    <ClInclude Include="..\Public\Level_UI.h">
      <Filter>01.Levels\UI</Filter>
    </ClInclude>
    <ClInclude Include="..\public\Editor_Model.h">
      <Filter>03.Utility\00.Model</Filter>
    </ClInclude>
    <ClInclude Include="..\Public\Editor_Animation.h">
      <Filter>03.Utility\00.Model\Animation</Filter>
    </ClInclude>
    <ClInclude Include="..\Public\Editor_Bone.h">
      <Filter>03.Utility\00.Model\Bone</Filter>
    </ClInclude>
    <ClInclude Include="..\Public\Editor_Channel.h">
      <Filter>03.Utility\00.Model\Animation\Channel</Filter>
    </ClInclude>
    <ClInclude Include="..\Public\Editor_Mesh.h">
      <Filter>03.Utility\00.Model\Mesh</Filter>
    </ClInclude>
    <ClInclude Include="..\Public\Editor_MeshMaterial.h">
      <Filter>03.Utility\00.Model\Material</Filter>
    </ClInclude>
    <ClInclude Include="..\public\JOH_EditorModelTest.h">
      <Filter>02.GameObject\Animation\99.Test Model</Filter>
    </ClInclude>
    <ClInclude Include="EditorPch.h">
      <Filter>97.pch</Filter>
    </ClInclude>
    <ClInclude Include="..\Public\MapObject.h">
      <Filter>02.GameObject\MapObject</Filter>
    </ClInclude>
    <ClInclude Include="..\Public\Prop_Static.h">
      <Filter>02.GameObject\MapObject\Prop\01.Static</Filter>
    </ClInclude>
    <ClInclude Include="..\Public\Prop_Animated.h">
      <Filter>02.GameObject\MapObject\Prop\02.Animated</Filter>
    </ClInclude>
    <ClInclude Include="..\Public\Prop_Interactive.h">
      <Filter>02.GameObject\MapObject\Prop\03.Interactive</Filter>
    </ClInclude>
    <ClInclude Include="..\Public\Prop.h">
      <Filter>02.GameObject\MapObject\Prop</Filter>
    </ClInclude>
    <ClInclude Include="..\Public\MapEditor_Header.h">
      <Filter>01.Levels\Map\Header</Filter>
    </ClInclude>
    <ClInclude Include="..\Public\Camera_Shader.h">
      <Filter>02.GameObject\Shader\Camera</Filter>
    </ClInclude>
    <ClInclude Include="..\public\Terrain_Shader.h">
      <Filter>02.GameObject\Shader\Terrain</Filter>
    </ClInclude>
    <ClInclude Include="..\Public\Camera_Map.h">
      <Filter>02.GameObject\MapObject\Camera</Filter>
    </ClInclude>
    <ClInclude Include="..\public\Editor_TempCamera.h">
      <Filter>02.GameObject\Animation\98.Temp Camera</Filter>
    </ClInclude>
    <ClInclude Include="..\Public\Camera_UI.h">
      <Filter>02.GameObject\UI\Camera</Filter>
    </ClInclude>
    <ClInclude Include="..\Public\Editor_ModelMesh_Instance.h">
      <Filter>03.Utility\00.Model\Model_Instance\Mesh</Filter>
    </ClInclude>
    <ClInclude Include="..\Public\Editor_Model_Instance.h">
      <Filter>03.Utility\00.Model\Model_Instance</Filter>
    </ClInclude>
    <ClInclude Include="..\Public\Map_Terrain.h">
      <Filter>02.GameObject\MapObject\Map_Terrain</Filter>
    </ClInclude>
    <ClInclude Include="..\Public\Prop_Object.h">
      <Filter>02.GameObject\MapObject\Prop\00.Object</Filter>
    </ClInclude>
    <ClInclude Include="..\Public\Level_Shader.h">
      <Filter>01.Levels\Shader</Filter>
    </ClInclude>
    <ClInclude Include="..\public\AnimationTool.h">
      <Filter>02.GameObject\Animation\00.Tool</Filter>
    </ClInclude>
    <ClInclude Include="..\Public\Prop_Test.h">
      <Filter>02.GameObject\MapObject\Prop\99.Test</Filter>
    </ClInclude>
    <ClInclude Include="..\public\Edit_UIBackGround.h">
      <Filter>02.GameObject\UI\UIObject\Edit_UI_BackGround</Filter>
    </ClInclude>
    <ClInclude Include="..\public\Edit_Interface_UI.h">
      <Filter>02.GameObject\UI\UIObject\Edit_Interface_UI</Filter>
    </ClInclude>
    <ClInclude Include="..\public\Edit_UIBase.h">
      <Filter>02.GameObject\UI\UIObject\Edit_UIBase</Filter>
    </ClInclude>
    <ClInclude Include="..\Public\Effect_Prefab.h">
      <Filter>02.GameObject\Effect\Effect_Prefab</Filter>
    </ClInclude>
    <ClInclude Include="..\Public\Effect_Element.h">
      <Filter>02.GameObject\Effect\Effect_Prefab\Effect_Element</Filter>
    </ClInclude>
    <ClInclude Include="..\Public\Effect_Point_Instance.h">
      <Filter>02.GameObject\Effect\Effect_Prefab\Effect_Element\Effect_Point_Instance</Filter>
    </ClInclude>
    <ClInclude Include="..\Public\Camera_Effect.h">
      <Filter>02.GameObject\Effect\Camera</Filter>
    </ClInclude>
    <ClInclude Include="..\Public\Effect_Terrain.h">
      <Filter>02.GameObject\Effect\Terrain</Filter>
    </ClInclude>
    <ClInclude Include="..\Public\Effect_Mesh_Instance.h">
      <Filter>02.GameObject\Effect\Effect_Prefab\Effect_Element\Effect_Mesh_Instance</Filter>
    </ClInclude>
    <ClInclude Include="..\Public\Effect_Sprite.h">
      <Filter>02.GameObject\Effect\Effect_Prefab\Effect_Element\Effect_Sprite</Filter>
    </ClInclude>
    <ClInclude Include="..\Public\Prop_Dynamic.h">
      <Filter>02.GameObject\MapObject\Prop\04.Dynamic</Filter>
    </ClInclude>
    <ClInclude Include="..\public\Player_Shader.h" />
    <ClInclude Include="..\public\Player_Shader.h">
      <Filter>02.GameObject\Shader\Player</Filter>
    </ClInclude>
    <ClInclude Include="..\Public\Map_TestPlayer.h">
      <Filter>02.GameObject\MapObject\Test</Filter>
    </ClInclude>
  </ItemGroup>
  <ItemGroup>
    <Image Include="Editor.ico">
      <Filter>98.Default</Filter>
    </Image>
    <Image Include="small.ico">
      <Filter>98.Default</Filter>
    </Image>
  </ItemGroup>
  <ItemGroup>
    <ResourceCompile Include="Editor.rc">
      <Filter>98.Default</Filter>
    </ResourceCompile>
  </ItemGroup>
  <ItemGroup>
    <ClCompile Include="Editor.cpp">
      <Filter>98.Default</Filter>
    </ClCompile>
    <ClCompile Include="..\Private\MainApp.cpp">
      <Filter>00.MainApp</Filter>
    </ClCompile>
    <ClCompile Include="..\Private\Level_Loading.cpp">
      <Filter>01.Levels\Loading</Filter>
    </ClCompile>
    <ClCompile Include="..\Private\Loader.cpp">
      <Filter>01.Levels\Loading\Loader</Filter>
    </ClCompile>
    <ClCompile Include="..\Private\Level_Editor.cpp">
      <Filter>01.Levels\Editor</Filter>
    </ClCompile>
    <ClCompile Include="..\Private\Level_Animation.cpp">
      <Filter>01.Levels\Animaion</Filter>
    </ClCompile>
    <ClCompile Include="..\Private\Level_Effect.cpp">
      <Filter>01.Levels\Effect</Filter>
    </ClCompile>
    <ClCompile Include="..\Private\Level_Map.cpp">
      <Filter>01.Levels\Map</Filter>
    </ClCompile>
    <ClCompile Include="..\Private\Level_UI.cpp">
      <Filter>01.Levels\UI</Filter>
    </ClCompile>
    <ClCompile Include="..\private\Editor_Model.cpp">
      <Filter>03.Utility\00.Model</Filter>
    </ClCompile>
    <ClCompile Include="..\Private\Editor_Animation.cpp">
      <Filter>03.Utility\00.Model\Animation</Filter>
    </ClCompile>
    <ClCompile Include="..\Private\Editor_Bone.cpp">
      <Filter>03.Utility\00.Model\Bone</Filter>
    </ClCompile>
    <ClCompile Include="..\Private\Editor_Channel.cpp">
      <Filter>03.Utility\00.Model\Animation\Channel</Filter>
    </ClCompile>
    <ClCompile Include="..\Private\Editor_Mesh.cpp">
      <Filter>03.Utility\00.Model\Mesh</Filter>
    </ClCompile>
    <ClCompile Include="..\Private\Editor_MeshMaterial.cpp">
      <Filter>03.Utility\00.Model\Material</Filter>
    </ClCompile>
    <ClCompile Include="..\private\JOH_EditorModelTest.cpp">
      <Filter>02.GameObject\Animation\99.Test Model</Filter>
    </ClCompile>
    <ClCompile Include="EditorPch.cpp">
      <Filter>97.pch</Filter>
    </ClCompile>
    <ClCompile Include="..\Private\MapObject.cpp">
      <Filter>02.GameObject\MapObject</Filter>
    </ClCompile>
    <ClCompile Include="..\Private\Prop_Static.cpp">
      <Filter>02.GameObject\MapObject\Prop\01.Static</Filter>
    </ClCompile>
    <ClCompile Include="..\Private\Prop_Animated.cpp">
      <Filter>02.GameObject\MapObject\Prop\02.Animated</Filter>
    </ClCompile>
    <ClCompile Include="..\Private\Prop_Interactive.cpp">
      <Filter>02.GameObject\MapObject\Prop\03.Interactive</Filter>
    </ClCompile>
    <ClCompile Include="..\Private\Prop.cpp">
      <Filter>02.GameObject\MapObject\Prop</Filter>
    </ClCompile>
    <ClCompile Include="..\Private\Camera_Shader.cpp">
      <Filter>02.GameObject\Shader\Camera</Filter>
    </ClCompile>
    <ClCompile Include="..\private\Terrain_Shader.cpp">
      <Filter>02.GameObject\Shader\Terrain</Filter>
    </ClCompile>
    <ClCompile Include="..\Private\Camera_Map.cpp">
      <Filter>02.GameObject\MapObject\Camera</Filter>
    </ClCompile>
    <ClCompile Include="..\private\Editor_TempCamera.cpp">
      <Filter>02.GameObject\Animation\98.Temp Camera</Filter>
    </ClCompile>
    <ClCompile Include="..\Private\Camera_UI.cpp">
      <Filter>02.GameObject\UI\Camera</Filter>
    </ClCompile>
    <ClCompile Include="..\Private\Editor_ModelMesh_Instance.cpp">
      <Filter>03.Utility\00.Model\Model_Instance\Mesh</Filter>
    </ClCompile>
    <ClCompile Include="..\Private\Editor_Model_Instance.cpp">
      <Filter>03.Utility\00.Model\Model_Instance</Filter>
    </ClCompile>
    <ClCompile Include="..\Private\Map_Terrain.cpp">
      <Filter>02.GameObject\MapObject\Map_Terrain</Filter>
    </ClCompile>
    <ClCompile Include="..\Private\Prop_Object.cpp">
      <Filter>02.GameObject\MapObject\Prop\00.Object</Filter>
    </ClCompile>
    <ClCompile Include="..\Private\Level_Shader.cpp">
      <Filter>01.Levels\Shader</Filter>
    </ClCompile>
    <ClCompile Include="..\private\AnimationTool.cpp">
      <Filter>02.GameObject\Animation\00.Tool</Filter>
    </ClCompile>
    <ClCompile Include="..\Private\Prop_Test.cpp">
      <Filter>02.GameObject\MapObject\Prop\99.Test</Filter>
    </ClCompile>
    <ClCompile Include="..\private\Edit_UIBackGround.cpp">
      <Filter>02.GameObject\UI\UIObject\Edit_UI_BackGround</Filter>
    </ClCompile>
    <ClCompile Include="..\private\Edit_Interface_UI.cpp">
      <Filter>02.GameObject\UI\UIObject\Edit_Interface_UI</Filter>
    </ClCompile>
    <ClCompile Include="..\private\Edit_UIBase.cpp">
      <Filter>02.GameObject\UI\UIObject\Edit_UIBase</Filter>
    </ClCompile>
    <ClCompile Include="..\Private\Effect_Prefab.cpp">
      <Filter>02.GameObject\Effect\Effect_Prefab</Filter>
    </ClCompile>
    <ClCompile Include="..\Private\Effect_Element.cpp">
      <Filter>02.GameObject\Effect\Effect_Prefab\Effect_Element</Filter>
    </ClCompile>
    <ClCompile Include="..\Private\Effect_Point_Instance.cpp">
      <Filter>02.GameObject\Effect\Effect_Prefab\Effect_Element\Effect_Point_Instance</Filter>
    </ClCompile>
    <ClCompile Include="..\Private\Camera_Effect.cpp">
      <Filter>02.GameObject\Effect\Camera</Filter>
    </ClCompile>
    <ClCompile Include="..\Private\Effect_Terrain.cpp">
      <Filter>02.GameObject\Effect\Terrain</Filter>
    </ClCompile>
    <ClCompile Include="..\Private\Effect_Mesh_Instance.cpp">
      <Filter>02.GameObject\Effect\Effect_Prefab\Effect_Element\Effect_Mesh_Instance</Filter>
    </ClCompile>
    <ClCompile Include="..\Private\Effect_Sprite.cpp">
      <Filter>02.GameObject\Effect\Effect_Prefab\Effect_Element\Effect_Sprite</Filter>
    </ClCompile>
    <ClCompile Include="..\Private\Prop_Dynamic.cpp">
      <Filter>02.GameObject\MapObject\Prop\04.Dynamic</Filter>
    </ClCompile>
    <ClCompile Include="..\private\Player_Shader.cpp" />
    <ClCompile Include="..\private\Player_Shader.cpp">
      <Filter>02.GameObject\Shader\Player</Filter>
    </ClCompile>
    <ClCompile Include="..\Private\Map_TestPlayer.cpp">
      <Filter>02.GameObject\MapObject\Test</Filter>
    </ClCompile>
  </ItemGroup>
  <ItemGroup>
    <FxCompile Include="..\Bin\ShaderFiles\Shader_VtxPosTex_Edit_UI.hlsl">
      <Filter>96.ShaderFiles</Filter>
    </FxCompile>
  </ItemGroup>
</Project>